
Microsoft Visual Studio Solution File, Format Version 12.00
# Visual Studio 2012
Project("{FAE04EC0-301F-11D3-BF4B-00C04F79EFBC}") = "Spinnaker.Core", "Spinnaker.Core\Spinnaker.Core.csproj", "{594D5E05-511B-4CB1-AFDC-109DE95C689B}"
EndProject
Project("{FAE04EC0-301F-11D3-BF4B-00C04F79EFBC}") = "Spinnaker.Bridge.Linux", "Spinnaker.Bridge.Linux\Spinnaker.Bridge.Linux.csproj", "{B93C4280-B4EC-4AF3-A94C-7238D7B9995F}"
EndProject
Project("{FAE04EC0-301F-11D3-BF4B-00C04F79EFBC}") = "Spinnaker.Bridge.Mac", "Spinnaker.Bridge.Mac\Spinnaker.Bridge.Mac.csproj", "{69BE8BF9-25BF-49D9-8A34-198CC86FA1EF}"
EndProject
Project("{FAE04EC0-301F-11D3-BF4B-00C04F79EFBC}") = "Spinnaker.Bridge.WinForms", "Spinnaker.Bridge.WinForms\Spinnaker.Bridge.WinForms.csproj", "{7CB0C5ED-DE52-4435-9BF5-98193FBA3990}"
EndProject
Project("{FAE04EC0-301F-11D3-BF4B-00C04F79EFBC}") = "Spinnaker.Log4net", "Spinnaker.Log4net\Spinnaker.Log4net.csproj", "{ABFEC90E-7433-4AE5-859E-EF3B877C8CD4}"
EndProject
Project("{2150E333-8FDC-42A3-9474-1A3956D46DE8}") = "Samples", "Samples", "{03DB0493-A5E0-469E-81AA-EAAF9AA544CE}"
EndProject
Project("{FAE04EC0-301F-11D3-BF4B-00C04F79EFBC}") = "SampleApplication.Core", "SampleApplication\SampleApplication.Core\SampleApplication.Core.csproj", "{0A27B4E0-BE58-478B-A7F8-5CE3CC98EE79}"
EndProject
Project("{FAE04EC0-301F-11D3-BF4B-00C04F79EFBC}") = "Spinnaker.Sample.iPad", "SampleApplication\Spinnaker.Sample.iPad\Spinnaker.Sample.iPad.csproj", "{AA95C124-239B-4497-9B5F-E1C1AB55E2C0}"
EndProject
Project("{FAE04EC0-301F-11D3-BF4B-00C04F79EFBC}") = "Spinnaker.Sample.Mac", "SampleApplication\Spinnaker.Sample.Mac\Spinnaker.Sample.Mac.csproj", "{9CD7362D-CBF6-4409-A4B7-FD64DB94AB6F}"
EndProject
Project("{FAE04EC0-301F-11D3-BF4B-00C04F79EFBC}") = "Spinnaker.Sample.WinForms", "SampleApplication\Spinnaker.Sample.Windows\Spinnaker.Sample.WinForms.csproj", "{F89989AB-3734-4A6F-ACFD-43586495DEC3}"
EndProject
Project("{FAE04EC0-301F-11D3-BF4B-00C04F79EFBC}") = "Spinnaker.Sample.WPF", "SampleApplication\Spinnaker.Sample.WPF\Spinnaker.Sample.WPF.csproj", "{BD421707-91F3-4C61-B29D-F082E414D08B}"
EndProject
Project("{FAE04EC0-301F-11D3-BF4B-00C04F79EFBC}") = "Spinnaker.Bridge.MonoTouch", "Spinnaker.Bridge.MonoTouch\Spinnaker.Bridge.MonoTouch.csproj", "{20D4AB58-0AD1-461C-AABC-C2AA6AA30B4A}"
EndProject
Project("{FAE04EC0-301F-11D3-BF4B-00C04F79EFBC}") = "Spinnaker.Core.MonoTouch", "Spinnaker.Core.MonoTouch\Spinnaker.Core.MonoTouch.csproj", "{100DB815-8E96-4511-AE48-5F61D5C24BA1}"
EndProject
Project("{FAE04EC0-301F-11D3-BF4B-00C04F79EFBC}") = "Spinnaker.Bridge.WPF", "Spinnaker.Bridge.WPF\Spinnaker.Bridge.WPF.csproj", "{66831558-849D-4E15-9011-4E6FFA689326}"
EndProject
Project("{FAE04EC0-301F-11D3-BF4B-00C04F79EFBC}") = "Spinnaker.Bridge.Awesomium.WinForms", "Spinnaker.Bridge.Awesomium.WinForms\Spinnaker.Bridge.Awesomium.WinForms.csproj", "{6EA0FA78-44D1-4CA7-9E0A-ECB870C5288E}"
EndProject
Global
	GlobalSection(SolutionConfigurationPlatforms) = preSolution
		DebugAwesomium|Any CPU = DebugAwesomium|Any CPU
		DebugAwesomium|iPhone = DebugAwesomium|iPhone
		DebugAwesomium|iPhoneSimulator = DebugAwesomium|iPhoneSimulator
		DebugLinux|Any CPU = DebugLinux|Any CPU
		DebugLinux|iPhone = DebugLinux|iPhone
		DebugLinux|iPhoneSimulator = DebugLinux|iPhoneSimulator
		DebugMac|Any CPU = DebugMac|Any CPU
		DebugMac|iPhone = DebugMac|iPhone
		DebugMac|iPhoneSimulator = DebugMac|iPhoneSimulator
		DebugWindows|Any CPU = DebugWindows|Any CPU
		DebugWindows|iPhone = DebugWindows|iPhone
		DebugWindows|iPhoneSimulator = DebugWindows|iPhoneSimulator
		ReleaseAwesomium|Any CPU = ReleaseAwesomium|Any CPU
		ReleaseAwesomium|iPhone = ReleaseAwesomium|iPhone
		ReleaseAwesomium|iPhoneSimulator = ReleaseAwesomium|iPhoneSimulator
		ReleaseLinux|Any CPU = ReleaseLinux|Any CPU
		ReleaseLinux|iPhone = ReleaseLinux|iPhone
		ReleaseLinux|iPhoneSimulator = ReleaseLinux|iPhoneSimulator
		ReleaseMac|Any CPU = ReleaseMac|Any CPU
		ReleaseMac|iPhone = ReleaseMac|iPhone
		ReleaseMac|iPhoneSimulator = ReleaseMac|iPhoneSimulator
		ReleaseWindows|Any CPU = ReleaseWindows|Any CPU
		ReleaseWindows|iPhone = ReleaseWindows|iPhone
		ReleaseWindows|iPhoneSimulator = ReleaseWindows|iPhoneSimulator
	EndGlobalSection
	GlobalSection(ProjectConfigurationPlatforms) = postSolution
		{594D5E05-511B-4CB1-AFDC-109DE95C689B}.DebugAwesomium|Any CPU.ActiveCfg = DebugAwesomium|Any CPU
		{594D5E05-511B-4CB1-AFDC-109DE95C689B}.DebugAwesomium|Any CPU.Build.0 = DebugAwesomium|Any CPU
		{594D5E05-511B-4CB1-AFDC-109DE95C689B}.DebugAwesomium|iPhone.ActiveCfg = DebugAwesomium|Any CPU
		{594D5E05-511B-4CB1-AFDC-109DE95C689B}.DebugAwesomium|iPhoneSimulator.ActiveCfg = DebugAwesomium|Any CPU
		{594D5E05-511B-4CB1-AFDC-109DE95C689B}.DebugLinux|Any CPU.ActiveCfg = DebugLinux|Any CPU
		{594D5E05-511B-4CB1-AFDC-109DE95C689B}.DebugLinux|Any CPU.Build.0 = DebugLinux|Any CPU
		{594D5E05-511B-4CB1-AFDC-109DE95C689B}.DebugLinux|iPhone.ActiveCfg = DebugLinux|Any CPU
		{594D5E05-511B-4CB1-AFDC-109DE95C689B}.DebugLinux|iPhoneSimulator.ActiveCfg = DebugLinux|Any CPU
		{594D5E05-511B-4CB1-AFDC-109DE95C689B}.DebugMac|Any CPU.ActiveCfg = DebugMac|Any CPU
		{594D5E05-511B-4CB1-AFDC-109DE95C689B}.DebugMac|Any CPU.Build.0 = DebugMac|Any CPU
		{594D5E05-511B-4CB1-AFDC-109DE95C689B}.DebugMac|iPhone.ActiveCfg = DebugMac|Any CPU
		{594D5E05-511B-4CB1-AFDC-109DE95C689B}.DebugMac|iPhoneSimulator.ActiveCfg = DebugMac|Any CPU
		{594D5E05-511B-4CB1-AFDC-109DE95C689B}.DebugWindows|Any CPU.ActiveCfg = DebugWindows|Any CPU
		{594D5E05-511B-4CB1-AFDC-109DE95C689B}.DebugWindows|Any CPU.Build.0 = DebugWindows|Any CPU
		{594D5E05-511B-4CB1-AFDC-109DE95C689B}.DebugWindows|iPhone.ActiveCfg = DebugWindows|Any CPU
		{594D5E05-511B-4CB1-AFDC-109DE95C689B}.DebugWindows|iPhoneSimulator.ActiveCfg = DebugWindows|Any CPU
		{594D5E05-511B-4CB1-AFDC-109DE95C689B}.ReleaseAwesomium|Any CPU.ActiveCfg = ReleaseAwesomium|Any CPU
		{594D5E05-511B-4CB1-AFDC-109DE95C689B}.ReleaseAwesomium|Any CPU.Build.0 = ReleaseAwesomium|Any CPU
		{594D5E05-511B-4CB1-AFDC-109DE95C689B}.ReleaseAwesomium|iPhone.ActiveCfg = ReleaseAwesomium|Any CPU
		{594D5E05-511B-4CB1-AFDC-109DE95C689B}.ReleaseAwesomium|iPhoneSimulator.ActiveCfg = ReleaseAwesomium|Any CPU
		{594D5E05-511B-4CB1-AFDC-109DE95C689B}.ReleaseLinux|Any CPU.ActiveCfg = ReleaseLinux|Any CPU
		{594D5E05-511B-4CB1-AFDC-109DE95C689B}.ReleaseLinux|Any CPU.Build.0 = ReleaseLinux|Any CPU
		{594D5E05-511B-4CB1-AFDC-109DE95C689B}.ReleaseLinux|iPhone.ActiveCfg = ReleaseLinux|Any CPU
		{594D5E05-511B-4CB1-AFDC-109DE95C689B}.ReleaseLinux|iPhoneSimulator.ActiveCfg = ReleaseLinux|Any CPU
		{594D5E05-511B-4CB1-AFDC-109DE95C689B}.ReleaseMac|Any CPU.ActiveCfg = ReleaseMac|Any CPU
		{594D5E05-511B-4CB1-AFDC-109DE95C689B}.ReleaseMac|Any CPU.Build.0 = ReleaseMac|Any CPU
		{594D5E05-511B-4CB1-AFDC-109DE95C689B}.ReleaseMac|iPhone.ActiveCfg = ReleaseMac|Any CPU
		{594D5E05-511B-4CB1-AFDC-109DE95C689B}.ReleaseMac|iPhoneSimulator.ActiveCfg = ReleaseMac|Any CPU
		{594D5E05-511B-4CB1-AFDC-109DE95C689B}.ReleaseWindows|Any CPU.ActiveCfg = ReleaseWindows|Any CPU
		{594D5E05-511B-4CB1-AFDC-109DE95C689B}.ReleaseWindows|Any CPU.Build.0 = ReleaseWindows|Any CPU
		{594D5E05-511B-4CB1-AFDC-109DE95C689B}.ReleaseWindows|iPhone.ActiveCfg = ReleaseWindows|Any CPU
		{594D5E05-511B-4CB1-AFDC-109DE95C689B}.ReleaseWindows|iPhoneSimulator.ActiveCfg = ReleaseWindows|Any CPU
		{B93C4280-B4EC-4AF3-A94C-7238D7B9995F}.DebugAwesomium|Any CPU.ActiveCfg = DebugAwesomium|Any CPU
		{B93C4280-B4EC-4AF3-A94C-7238D7B9995F}.DebugAwesomium|iPhone.ActiveCfg = DebugAwesomium|Any CPU
		{B93C4280-B4EC-4AF3-A94C-7238D7B9995F}.DebugAwesomium|iPhoneSimulator.ActiveCfg = DebugAwesomium|Any CPU
		{B93C4280-B4EC-4AF3-A94C-7238D7B9995F}.DebugLinux|Any CPU.ActiveCfg = DebugLinux|Any CPU
		{B93C4280-B4EC-4AF3-A94C-7238D7B9995F}.DebugLinux|Any CPU.Build.0 = DebugLinux|Any CPU
		{B93C4280-B4EC-4AF3-A94C-7238D7B9995F}.DebugLinux|iPhone.ActiveCfg = DebugLinux|Any CPU
		{B93C4280-B4EC-4AF3-A94C-7238D7B9995F}.DebugLinux|iPhoneSimulator.ActiveCfg = DebugLinux|Any CPU
		{B93C4280-B4EC-4AF3-A94C-7238D7B9995F}.DebugMac|Any CPU.ActiveCfg = DebugLinux|Any CPU
		{B93C4280-B4EC-4AF3-A94C-7238D7B9995F}.DebugMac|iPhone.ActiveCfg = DebugLinux|Any CPU
		{B93C4280-B4EC-4AF3-A94C-7238D7B9995F}.DebugMac|iPhoneSimulator.ActiveCfg = DebugLinux|Any CPU
		{B93C4280-B4EC-4AF3-A94C-7238D7B9995F}.DebugWindows|Any CPU.ActiveCfg = DebugLinux|Any CPU
		{B93C4280-B4EC-4AF3-A94C-7238D7B9995F}.DebugWindows|iPhone.ActiveCfg = DebugLinux|Any CPU
		{B93C4280-B4EC-4AF3-A94C-7238D7B9995F}.DebugWindows|iPhoneSimulator.ActiveCfg = DebugLinux|Any CPU
		{B93C4280-B4EC-4AF3-A94C-7238D7B9995F}.ReleaseAwesomium|Any CPU.ActiveCfg = ReleaseAwesomium|Any CPU
		{B93C4280-B4EC-4AF3-A94C-7238D7B9995F}.ReleaseAwesomium|iPhone.ActiveCfg = ReleaseAwesomium|Any CPU
		{B93C4280-B4EC-4AF3-A94C-7238D7B9995F}.ReleaseAwesomium|iPhoneSimulator.ActiveCfg = ReleaseAwesomium|Any CPU
		{B93C4280-B4EC-4AF3-A94C-7238D7B9995F}.ReleaseLinux|Any CPU.ActiveCfg = ReleaseLinux|Any CPU
		{B93C4280-B4EC-4AF3-A94C-7238D7B9995F}.ReleaseLinux|Any CPU.Build.0 = ReleaseLinux|Any CPU
		{B93C4280-B4EC-4AF3-A94C-7238D7B9995F}.ReleaseLinux|iPhone.ActiveCfg = ReleaseLinux|Any CPU
		{B93C4280-B4EC-4AF3-A94C-7238D7B9995F}.ReleaseLinux|iPhoneSimulator.ActiveCfg = ReleaseLinux|Any CPU
		{B93C4280-B4EC-4AF3-A94C-7238D7B9995F}.ReleaseMac|Any CPU.ActiveCfg = ReleaseLinux|Any CPU
		{B93C4280-B4EC-4AF3-A94C-7238D7B9995F}.ReleaseMac|iPhone.ActiveCfg = ReleaseLinux|Any CPU
		{B93C4280-B4EC-4AF3-A94C-7238D7B9995F}.ReleaseMac|iPhoneSimulator.ActiveCfg = ReleaseLinux|Any CPU
		{B93C4280-B4EC-4AF3-A94C-7238D7B9995F}.ReleaseWindows|Any CPU.ActiveCfg = ReleaseLinux|Any CPU
		{B93C4280-B4EC-4AF3-A94C-7238D7B9995F}.ReleaseWindows|iPhone.ActiveCfg = ReleaseLinux|Any CPU
		{B93C4280-B4EC-4AF3-A94C-7238D7B9995F}.ReleaseWindows|iPhoneSimulator.ActiveCfg = ReleaseLinux|Any CPU
		{69BE8BF9-25BF-49D9-8A34-198CC86FA1EF}.DebugAwesomium|Any CPU.ActiveCfg = DebugAwesomium|Any CPU
		{69BE8BF9-25BF-49D9-8A34-198CC86FA1EF}.DebugAwesomium|iPhone.ActiveCfg = DebugAwesomium|Any CPU
		{69BE8BF9-25BF-49D9-8A34-198CC86FA1EF}.DebugAwesomium|iPhoneSimulator.ActiveCfg = DebugAwesomium|Any CPU
		{69BE8BF9-25BF-49D9-8A34-198CC86FA1EF}.DebugLinux|Any CPU.ActiveCfg = DebugLinux|Any CPU
		{69BE8BF9-25BF-49D9-8A34-198CC86FA1EF}.DebugLinux|iPhone.ActiveCfg = DebugLinux|Any CPU
		{69BE8BF9-25BF-49D9-8A34-198CC86FA1EF}.DebugLinux|iPhoneSimulator.ActiveCfg = DebugLinux|Any CPU
		{69BE8BF9-25BF-49D9-8A34-198CC86FA1EF}.DebugMac|Any CPU.ActiveCfg = DebugMac|Any CPU
		{69BE8BF9-25BF-49D9-8A34-198CC86FA1EF}.DebugMac|Any CPU.Build.0 = DebugMac|Any CPU
		{69BE8BF9-25BF-49D9-8A34-198CC86FA1EF}.DebugMac|iPhone.ActiveCfg = DebugMac|Any CPU
		{69BE8BF9-25BF-49D9-8A34-198CC86FA1EF}.DebugMac|iPhoneSimulator.ActiveCfg = DebugMac|Any CPU
		{69BE8BF9-25BF-49D9-8A34-198CC86FA1EF}.DebugWindows|Any CPU.ActiveCfg = DebugMac|Any CPU
		{69BE8BF9-25BF-49D9-8A34-198CC86FA1EF}.DebugWindows|iPhone.ActiveCfg = DebugMac|Any CPU
		{69BE8BF9-25BF-49D9-8A34-198CC86FA1EF}.DebugWindows|iPhoneSimulator.ActiveCfg = DebugMac|Any CPU
		{69BE8BF9-25BF-49D9-8A34-198CC86FA1EF}.ReleaseAwesomium|Any CPU.ActiveCfg = ReleaseAwesomium|Any CPU
		{69BE8BF9-25BF-49D9-8A34-198CC86FA1EF}.ReleaseAwesomium|iPhone.ActiveCfg = ReleaseAwesomium|Any CPU
		{69BE8BF9-25BF-49D9-8A34-198CC86FA1EF}.ReleaseAwesomium|iPhoneSimulator.ActiveCfg = ReleaseAwesomium|Any CPU
		{69BE8BF9-25BF-49D9-8A34-198CC86FA1EF}.ReleaseLinux|Any CPU.ActiveCfg = ReleaseLinux|Any CPU
		{69BE8BF9-25BF-49D9-8A34-198CC86FA1EF}.ReleaseLinux|iPhone.ActiveCfg = ReleaseLinux|Any CPU
		{69BE8BF9-25BF-49D9-8A34-198CC86FA1EF}.ReleaseLinux|iPhoneSimulator.ActiveCfg = ReleaseLinux|Any CPU
		{69BE8BF9-25BF-49D9-8A34-198CC86FA1EF}.ReleaseMac|Any CPU.ActiveCfg = ReleaseMac|Any CPU
		{69BE8BF9-25BF-49D9-8A34-198CC86FA1EF}.ReleaseMac|Any CPU.Build.0 = ReleaseMac|Any CPU
		{69BE8BF9-25BF-49D9-8A34-198CC86FA1EF}.ReleaseMac|iPhone.ActiveCfg = ReleaseMac|Any CPU
		{69BE8BF9-25BF-49D9-8A34-198CC86FA1EF}.ReleaseMac|iPhoneSimulator.ActiveCfg = ReleaseMac|Any CPU
		{69BE8BF9-25BF-49D9-8A34-198CC86FA1EF}.ReleaseWindows|Any CPU.ActiveCfg = ReleaseMac|Any CPU
		{69BE8BF9-25BF-49D9-8A34-198CC86FA1EF}.ReleaseWindows|iPhone.ActiveCfg = ReleaseMac|Any CPU
		{69BE8BF9-25BF-49D9-8A34-198CC86FA1EF}.ReleaseWindows|iPhoneSimulator.ActiveCfg = ReleaseMac|Any CPU
		{7CB0C5ED-DE52-4435-9BF5-98193FBA3990}.DebugAwesomium|Any CPU.ActiveCfg = DebugAwesomium|Any CPU
		{7CB0C5ED-DE52-4435-9BF5-98193FBA3990}.DebugAwesomium|Any CPU.Build.0 = DebugAwesomium|Any CPU
		{7CB0C5ED-DE52-4435-9BF5-98193FBA3990}.DebugAwesomium|iPhone.ActiveCfg = DebugAwesomium|Any CPU
		{7CB0C5ED-DE52-4435-9BF5-98193FBA3990}.DebugAwesomium|iPhoneSimulator.ActiveCfg = DebugAwesomium|Any CPU
		{7CB0C5ED-DE52-4435-9BF5-98193FBA3990}.DebugLinux|Any CPU.ActiveCfg = DebugLinux|Any CPU
		{7CB0C5ED-DE52-4435-9BF5-98193FBA3990}.DebugLinux|iPhone.ActiveCfg = DebugLinux|Any CPU
		{7CB0C5ED-DE52-4435-9BF5-98193FBA3990}.DebugLinux|iPhoneSimulator.ActiveCfg = DebugLinux|Any CPU
		{7CB0C5ED-DE52-4435-9BF5-98193FBA3990}.DebugMac|Any CPU.ActiveCfg = DebugWindows|Any CPU
		{7CB0C5ED-DE52-4435-9BF5-98193FBA3990}.DebugMac|iPhone.ActiveCfg = DebugWindows|Any CPU
		{7CB0C5ED-DE52-4435-9BF5-98193FBA3990}.DebugMac|iPhoneSimulator.ActiveCfg = DebugWindows|Any CPU
		{7CB0C5ED-DE52-4435-9BF5-98193FBA3990}.DebugWindows|Any CPU.ActiveCfg = DebugWindows|Any CPU
		{7CB0C5ED-DE52-4435-9BF5-98193FBA3990}.DebugWindows|Any CPU.Build.0 = DebugWindows|Any CPU
		{7CB0C5ED-DE52-4435-9BF5-98193FBA3990}.DebugWindows|iPhone.ActiveCfg = DebugWindows|Any CPU
		{7CB0C5ED-DE52-4435-9BF5-98193FBA3990}.DebugWindows|iPhoneSimulator.ActiveCfg = DebugWindows|Any CPU
		{7CB0C5ED-DE52-4435-9BF5-98193FBA3990}.ReleaseAwesomium|Any CPU.ActiveCfg = ReleaseAwesomium|Any CPU
		{7CB0C5ED-DE52-4435-9BF5-98193FBA3990}.ReleaseAwesomium|Any CPU.Build.0 = ReleaseAwesomium|Any CPU
		{7CB0C5ED-DE52-4435-9BF5-98193FBA3990}.ReleaseAwesomium|iPhone.ActiveCfg = ReleaseAwesomium|Any CPU
		{7CB0C5ED-DE52-4435-9BF5-98193FBA3990}.ReleaseAwesomium|iPhoneSimulator.ActiveCfg = ReleaseAwesomium|Any CPU
		{7CB0C5ED-DE52-4435-9BF5-98193FBA3990}.ReleaseLinux|Any CPU.ActiveCfg = ReleaseLinux|Any CPU
		{7CB0C5ED-DE52-4435-9BF5-98193FBA3990}.ReleaseLinux|iPhone.ActiveCfg = ReleaseLinux|Any CPU
		{7CB0C5ED-DE52-4435-9BF5-98193FBA3990}.ReleaseLinux|iPhoneSimulator.ActiveCfg = ReleaseLinux|Any CPU
		{7CB0C5ED-DE52-4435-9BF5-98193FBA3990}.ReleaseMac|Any CPU.ActiveCfg = ReleaseWindows|Any CPU
		{7CB0C5ED-DE52-4435-9BF5-98193FBA3990}.ReleaseMac|iPhone.ActiveCfg = ReleaseWindows|Any CPU
		{7CB0C5ED-DE52-4435-9BF5-98193FBA3990}.ReleaseMac|iPhoneSimulator.ActiveCfg = ReleaseWindows|Any CPU
		{7CB0C5ED-DE52-4435-9BF5-98193FBA3990}.ReleaseWindows|Any CPU.ActiveCfg = ReleaseWindows|Any CPU
		{7CB0C5ED-DE52-4435-9BF5-98193FBA3990}.ReleaseWindows|Any CPU.Build.0 = ReleaseWindows|Any CPU
		{7CB0C5ED-DE52-4435-9BF5-98193FBA3990}.ReleaseWindows|iPhone.ActiveCfg = ReleaseWindows|Any CPU
		{7CB0C5ED-DE52-4435-9BF5-98193FBA3990}.ReleaseWindows|iPhoneSimulator.ActiveCfg = ReleaseWindows|Any CPU
		{ABFEC90E-7433-4AE5-859E-EF3B877C8CD4}.DebugAwesomium|Any CPU.ActiveCfg = DebugAwesomium|Any CPU
		{ABFEC90E-7433-4AE5-859E-EF3B877C8CD4}.DebugAwesomium|Any CPU.Build.0 = DebugAwesomium|Any CPU
		{ABFEC90E-7433-4AE5-859E-EF3B877C8CD4}.DebugAwesomium|iPhone.ActiveCfg = DebugAwesomium|Any CPU
		{ABFEC90E-7433-4AE5-859E-EF3B877C8CD4}.DebugAwesomium|iPhoneSimulator.ActiveCfg = DebugAwesomium|Any CPU
		{ABFEC90E-7433-4AE5-859E-EF3B877C8CD4}.DebugLinux|Any CPU.ActiveCfg = DebugLinux|Any CPU
		{ABFEC90E-7433-4AE5-859E-EF3B877C8CD4}.DebugLinux|Any CPU.Build.0 = DebugLinux|Any CPU
		{ABFEC90E-7433-4AE5-859E-EF3B877C8CD4}.DebugLinux|iPhone.ActiveCfg = DebugLinux|Any CPU
		{ABFEC90E-7433-4AE5-859E-EF3B877C8CD4}.DebugLinux|iPhoneSimulator.ActiveCfg = DebugLinux|Any CPU
		{ABFEC90E-7433-4AE5-859E-EF3B877C8CD4}.DebugMac|Any CPU.ActiveCfg = DebugMac|Any CPU
		{ABFEC90E-7433-4AE5-859E-EF3B877C8CD4}.DebugMac|Any CPU.Build.0 = DebugMac|Any CPU
		{ABFEC90E-7433-4AE5-859E-EF3B877C8CD4}.DebugMac|iPhone.ActiveCfg = DebugMac|Any CPU
		{ABFEC90E-7433-4AE5-859E-EF3B877C8CD4}.DebugMac|iPhoneSimulator.ActiveCfg = DebugMac|Any CPU
		{ABFEC90E-7433-4AE5-859E-EF3B877C8CD4}.DebugWindows|Any CPU.ActiveCfg = DebugWindows|Any CPU
		{ABFEC90E-7433-4AE5-859E-EF3B877C8CD4}.DebugWindows|Any CPU.Build.0 = DebugWindows|Any CPU
		{ABFEC90E-7433-4AE5-859E-EF3B877C8CD4}.DebugWindows|iPhone.ActiveCfg = DebugWindows|Any CPU
		{ABFEC90E-7433-4AE5-859E-EF3B877C8CD4}.DebugWindows|iPhoneSimulator.ActiveCfg = DebugWindows|Any CPU
		{ABFEC90E-7433-4AE5-859E-EF3B877C8CD4}.ReleaseAwesomium|Any CPU.ActiveCfg = ReleaseAwesomium|Any CPU
		{ABFEC90E-7433-4AE5-859E-EF3B877C8CD4}.ReleaseAwesomium|Any CPU.Build.0 = ReleaseAwesomium|Any CPU
		{ABFEC90E-7433-4AE5-859E-EF3B877C8CD4}.ReleaseAwesomium|iPhone.ActiveCfg = ReleaseAwesomium|Any CPU
		{ABFEC90E-7433-4AE5-859E-EF3B877C8CD4}.ReleaseAwesomium|iPhoneSimulator.ActiveCfg = ReleaseAwesomium|Any CPU
		{ABFEC90E-7433-4AE5-859E-EF3B877C8CD4}.ReleaseLinux|Any CPU.ActiveCfg = ReleaseLinux|Any CPU
		{ABFEC90E-7433-4AE5-859E-EF3B877C8CD4}.ReleaseLinux|Any CPU.Build.0 = ReleaseLinux|Any CPU
		{ABFEC90E-7433-4AE5-859E-EF3B877C8CD4}.ReleaseLinux|iPhone.ActiveCfg = ReleaseLinux|Any CPU
		{ABFEC90E-7433-4AE5-859E-EF3B877C8CD4}.ReleaseLinux|iPhoneSimulator.ActiveCfg = ReleaseLinux|Any CPU
		{ABFEC90E-7433-4AE5-859E-EF3B877C8CD4}.ReleaseMac|Any CPU.ActiveCfg = ReleaseMac|Any CPU
		{ABFEC90E-7433-4AE5-859E-EF3B877C8CD4}.ReleaseMac|Any CPU.Build.0 = ReleaseMac|Any CPU
		{ABFEC90E-7433-4AE5-859E-EF3B877C8CD4}.ReleaseMac|iPhone.ActiveCfg = ReleaseMac|Any CPU
		{ABFEC90E-7433-4AE5-859E-EF3B877C8CD4}.ReleaseMac|iPhoneSimulator.ActiveCfg = ReleaseMac|Any CPU
		{ABFEC90E-7433-4AE5-859E-EF3B877C8CD4}.ReleaseWindows|Any CPU.ActiveCfg = ReleaseWindows|Any CPU
		{ABFEC90E-7433-4AE5-859E-EF3B877C8CD4}.ReleaseWindows|Any CPU.Build.0 = ReleaseWindows|Any CPU
		{ABFEC90E-7433-4AE5-859E-EF3B877C8CD4}.ReleaseWindows|iPhone.ActiveCfg = ReleaseWindows|Any CPU
		{ABFEC90E-7433-4AE5-859E-EF3B877C8CD4}.ReleaseWindows|iPhoneSimulator.ActiveCfg = ReleaseWindows|Any CPU
		{0A27B4E0-BE58-478B-A7F8-5CE3CC98EE79}.DebugAwesomium|Any CPU.ActiveCfg = DebugAwesomium|Any CPU
		{0A27B4E0-BE58-478B-A7F8-5CE3CC98EE79}.DebugAwesomium|Any CPU.Build.0 = DebugAwesomium|Any CPU
		{0A27B4E0-BE58-478B-A7F8-5CE3CC98EE79}.DebugAwesomium|iPhone.ActiveCfg = DebugAwesomium|Any CPU
		{0A27B4E0-BE58-478B-A7F8-5CE3CC98EE79}.DebugAwesomium|iPhoneSimulator.ActiveCfg = DebugAwesomium|Any CPU
		{0A27B4E0-BE58-478B-A7F8-5CE3CC98EE79}.DebugLinux|Any CPU.ActiveCfg = DebugLinux|Any CPU
		{0A27B4E0-BE58-478B-A7F8-5CE3CC98EE79}.DebugLinux|Any CPU.Build.0 = DebugLinux|Any CPU
		{0A27B4E0-BE58-478B-A7F8-5CE3CC98EE79}.DebugLinux|iPhone.ActiveCfg = DebugLinux|Any CPU
		{0A27B4E0-BE58-478B-A7F8-5CE3CC98EE79}.DebugLinux|iPhoneSimulator.ActiveCfg = DebugLinux|Any CPU
		{0A27B4E0-BE58-478B-A7F8-5CE3CC98EE79}.DebugMac|Any CPU.ActiveCfg = DebugMac|Any CPU
		{0A27B4E0-BE58-478B-A7F8-5CE3CC98EE79}.DebugMac|Any CPU.Build.0 = DebugMac|Any CPU
		{0A27B4E0-BE58-478B-A7F8-5CE3CC98EE79}.DebugMac|iPhone.ActiveCfg = DebugMac|Any CPU
		{0A27B4E0-BE58-478B-A7F8-5CE3CC98EE79}.DebugMac|iPhone.Build.0 = DebugMac|Any CPU
		{0A27B4E0-BE58-478B-A7F8-5CE3CC98EE79}.DebugMac|iPhoneSimulator.ActiveCfg = DebugMac|Any CPU
		{0A27B4E0-BE58-478B-A7F8-5CE3CC98EE79}.DebugMac|iPhoneSimulator.Build.0 = DebugMac|Any CPU
		{0A27B4E0-BE58-478B-A7F8-5CE3CC98EE79}.DebugWindows|Any CPU.ActiveCfg = DebugWindows|Any CPU
		{0A27B4E0-BE58-478B-A7F8-5CE3CC98EE79}.DebugWindows|Any CPU.Build.0 = DebugWindows|Any CPU
		{0A27B4E0-BE58-478B-A7F8-5CE3CC98EE79}.DebugWindows|iPhone.ActiveCfg = DebugWindows|Any CPU
		{0A27B4E0-BE58-478B-A7F8-5CE3CC98EE79}.DebugWindows|iPhone.Build.0 = DebugWindows|Any CPU
		{0A27B4E0-BE58-478B-A7F8-5CE3CC98EE79}.DebugWindows|iPhoneSimulator.ActiveCfg = DebugWindows|Any CPU
		{0A27B4E0-BE58-478B-A7F8-5CE3CC98EE79}.DebugWindows|iPhoneSimulator.Build.0 = DebugWindows|Any CPU
		{0A27B4E0-BE58-478B-A7F8-5CE3CC98EE79}.ReleaseAwesomium|Any CPU.ActiveCfg = ReleaseAwesomium|Any CPU
		{0A27B4E0-BE58-478B-A7F8-5CE3CC98EE79}.ReleaseAwesomium|Any CPU.Build.0 = ReleaseAwesomium|Any CPU
		{0A27B4E0-BE58-478B-A7F8-5CE3CC98EE79}.ReleaseAwesomium|iPhone.ActiveCfg = ReleaseAwesomium|Any CPU
		{0A27B4E0-BE58-478B-A7F8-5CE3CC98EE79}.ReleaseAwesomium|iPhoneSimulator.ActiveCfg = ReleaseAwesomium|Any CPU
		{0A27B4E0-BE58-478B-A7F8-5CE3CC98EE79}.ReleaseLinux|Any CPU.ActiveCfg = ReleaseLinux|Any CPU
		{0A27B4E0-BE58-478B-A7F8-5CE3CC98EE79}.ReleaseLinux|Any CPU.Build.0 = ReleaseLinux|Any CPU
		{0A27B4E0-BE58-478B-A7F8-5CE3CC98EE79}.ReleaseLinux|iPhone.ActiveCfg = ReleaseLinux|Any CPU
		{0A27B4E0-BE58-478B-A7F8-5CE3CC98EE79}.ReleaseLinux|iPhoneSimulator.ActiveCfg = ReleaseLinux|Any CPU
		{0A27B4E0-BE58-478B-A7F8-5CE3CC98EE79}.ReleaseMac|Any CPU.ActiveCfg = ReleaseMac|Any CPU
		{0A27B4E0-BE58-478B-A7F8-5CE3CC98EE79}.ReleaseMac|Any CPU.Build.0 = ReleaseMac|Any CPU
		{0A27B4E0-BE58-478B-A7F8-5CE3CC98EE79}.ReleaseMac|iPhone.ActiveCfg = ReleaseMac|Any CPU
		{0A27B4E0-BE58-478B-A7F8-5CE3CC98EE79}.ReleaseMac|iPhone.Build.0 = ReleaseMac|Any CPU
		{0A27B4E0-BE58-478B-A7F8-5CE3CC98EE79}.ReleaseMac|iPhoneSimulator.ActiveCfg = ReleaseMac|Any CPU
		{0A27B4E0-BE58-478B-A7F8-5CE3CC98EE79}.ReleaseMac|iPhoneSimulator.Build.0 = ReleaseMac|Any CPU
		{0A27B4E0-BE58-478B-A7F8-5CE3CC98EE79}.ReleaseWindows|Any CPU.ActiveCfg = ReleaseWindows|Any CPU
		{0A27B4E0-BE58-478B-A7F8-5CE3CC98EE79}.ReleaseWindows|Any CPU.Build.0 = ReleaseWindows|Any CPU
		{0A27B4E0-BE58-478B-A7F8-5CE3CC98EE79}.ReleaseWindows|iPhone.ActiveCfg = ReleaseWindows|Any CPU
		{0A27B4E0-BE58-478B-A7F8-5CE3CC98EE79}.ReleaseWindows|iPhone.Build.0 = ReleaseWindows|Any CPU
		{0A27B4E0-BE58-478B-A7F8-5CE3CC98EE79}.ReleaseWindows|iPhoneSimulator.ActiveCfg = ReleaseWindows|Any CPU
		{0A27B4E0-BE58-478B-A7F8-5CE3CC98EE79}.ReleaseWindows|iPhoneSimulator.Build.0 = ReleaseWindows|Any CPU
		{AA95C124-239B-4497-9B5F-E1C1AB55E2C0}.DebugAwesomium|Any CPU.ActiveCfg = Debug|iPhone
		{AA95C124-239B-4497-9B5F-E1C1AB55E2C0}.DebugAwesomium|iPhone.ActiveCfg = Debug|iPhone
		{AA95C124-239B-4497-9B5F-E1C1AB55E2C0}.DebugAwesomium|iPhoneSimulator.ActiveCfg = Debug|iPhoneSimulator
		{AA95C124-239B-4497-9B5F-E1C1AB55E2C0}.DebugLinux|Any CPU.ActiveCfg = Debug|iPhoneSimulator
		{AA95C124-239B-4497-9B5F-E1C1AB55E2C0}.DebugLinux|iPhone.ActiveCfg = Debug|iPhone
		{AA95C124-239B-4497-9B5F-E1C1AB55E2C0}.DebugLinux|iPhoneSimulator.ActiveCfg = Debug|iPhoneSimulator
		{AA95C124-239B-4497-9B5F-E1C1AB55E2C0}.DebugMac|Any CPU.ActiveCfg = Debug|iPhoneSimulator
		{AA95C124-239B-4497-9B5F-E1C1AB55E2C0}.DebugMac|iPhone.ActiveCfg = Debug|iPhone
		{AA95C124-239B-4497-9B5F-E1C1AB55E2C0}.DebugMac|iPhone.Build.0 = Debug|iPhone
		{AA95C124-239B-4497-9B5F-E1C1AB55E2C0}.DebugMac|iPhoneSimulator.ActiveCfg = Debug|iPhoneSimulator
		{AA95C124-239B-4497-9B5F-E1C1AB55E2C0}.DebugMac|iPhoneSimulator.Build.0 = Debug|iPhoneSimulator
		{AA95C124-239B-4497-9B5F-E1C1AB55E2C0}.DebugWindows|Any CPU.ActiveCfg = Debug|iPhoneSimulator
		{AA95C124-239B-4497-9B5F-E1C1AB55E2C0}.DebugWindows|Any CPU.Build.0 = Debug|iPhoneSimulator
		{AA95C124-239B-4497-9B5F-E1C1AB55E2C0}.DebugWindows|iPhone.ActiveCfg = Debug|iPhone
		{AA95C124-239B-4497-9B5F-E1C1AB55E2C0}.DebugWindows|iPhone.Build.0 = Debug|iPhone
		{AA95C124-239B-4497-9B5F-E1C1AB55E2C0}.DebugWindows|iPhoneSimulator.ActiveCfg = Debug|iPhoneSimulator
		{AA95C124-239B-4497-9B5F-E1C1AB55E2C0}.DebugWindows|iPhoneSimulator.Build.0 = Debug|iPhoneSimulator
		{AA95C124-239B-4497-9B5F-E1C1AB55E2C0}.ReleaseAwesomium|Any CPU.ActiveCfg = Debug|iPhone
		{AA95C124-239B-4497-9B5F-E1C1AB55E2C0}.ReleaseAwesomium|iPhone.ActiveCfg = Debug|iPhone
		{AA95C124-239B-4497-9B5F-E1C1AB55E2C0}.ReleaseAwesomium|iPhoneSimulator.ActiveCfg = Debug|iPhoneSimulator
		{AA95C124-239B-4497-9B5F-E1C1AB55E2C0}.ReleaseLinux|Any CPU.ActiveCfg = Debug|iPhoneSimulator
		{AA95C124-239B-4497-9B5F-E1C1AB55E2C0}.ReleaseLinux|iPhone.ActiveCfg = Debug|iPhone
		{AA95C124-239B-4497-9B5F-E1C1AB55E2C0}.ReleaseLinux|iPhoneSimulator.ActiveCfg = Debug|iPhoneSimulator
		{AA95C124-239B-4497-9B5F-E1C1AB55E2C0}.ReleaseMac|Any CPU.ActiveCfg = Debug|iPhoneSimulator
		{AA95C124-239B-4497-9B5F-E1C1AB55E2C0}.ReleaseMac|iPhone.ActiveCfg = Debug|iPhone
		{AA95C124-239B-4497-9B5F-E1C1AB55E2C0}.ReleaseMac|iPhone.Build.0 = Debug|iPhone
		{AA95C124-239B-4497-9B5F-E1C1AB55E2C0}.ReleaseMac|iPhoneSimulator.ActiveCfg = Debug|iPhoneSimulator
		{AA95C124-239B-4497-9B5F-E1C1AB55E2C0}.ReleaseMac|iPhoneSimulator.Build.0 = Debug|iPhoneSimulator
		{AA95C124-239B-4497-9B5F-E1C1AB55E2C0}.ReleaseWindows|Any CPU.ActiveCfg = Debug|iPhoneSimulator
		{AA95C124-239B-4497-9B5F-E1C1AB55E2C0}.ReleaseWindows|Any CPU.Build.0 = Debug|iPhoneSimulator
		{AA95C124-239B-4497-9B5F-E1C1AB55E2C0}.ReleaseWindows|iPhone.ActiveCfg = Debug|iPhone
		{AA95C124-239B-4497-9B5F-E1C1AB55E2C0}.ReleaseWindows|iPhone.Build.0 = Debug|iPhone
		{AA95C124-239B-4497-9B5F-E1C1AB55E2C0}.ReleaseWindows|iPhoneSimulator.ActiveCfg = Debug|iPhoneSimulator
		{AA95C124-239B-4497-9B5F-E1C1AB55E2C0}.ReleaseWindows|iPhoneSimulator.Build.0 = Debug|iPhoneSimulator
		{9CD7362D-CBF6-4409-A4B7-FD64DB94AB6F}.DebugAwesomium|Any CPU.ActiveCfg = Debug|Any CPU
		{9CD7362D-CBF6-4409-A4B7-FD64DB94AB6F}.DebugAwesomium|iPhone.ActiveCfg = Debug|Any CPU
		{9CD7362D-CBF6-4409-A4B7-FD64DB94AB6F}.DebugAwesomium|iPhoneSimulator.ActiveCfg = Debug|Any CPU
		{9CD7362D-CBF6-4409-A4B7-FD64DB94AB6F}.DebugLinux|Any CPU.ActiveCfg = Debug|Any CPU
		{9CD7362D-CBF6-4409-A4B7-FD64DB94AB6F}.DebugLinux|iPhone.ActiveCfg = Debug|Any CPU
		{9CD7362D-CBF6-4409-A4B7-FD64DB94AB6F}.DebugLinux|iPhoneSimulator.ActiveCfg = Debug|Any CPU
		{9CD7362D-CBF6-4409-A4B7-FD64DB94AB6F}.DebugMac|Any CPU.ActiveCfg = Debug|Any CPU
		{9CD7362D-CBF6-4409-A4B7-FD64DB94AB6F}.DebugMac|Any CPU.Build.0 = Debug|Any CPU
		{9CD7362D-CBF6-4409-A4B7-FD64DB94AB6F}.DebugMac|iPhone.ActiveCfg = Debug|Any CPU
		{9CD7362D-CBF6-4409-A4B7-FD64DB94AB6F}.DebugMac|iPhone.Build.0 = Debug|Any CPU
		{9CD7362D-CBF6-4409-A4B7-FD64DB94AB6F}.DebugMac|iPhoneSimulator.ActiveCfg = Debug|Any CPU
		{9CD7362D-CBF6-4409-A4B7-FD64DB94AB6F}.DebugMac|iPhoneSimulator.Build.0 = Debug|Any CPU
		{9CD7362D-CBF6-4409-A4B7-FD64DB94AB6F}.DebugWindows|Any CPU.ActiveCfg = Debug|Any CPU
		{9CD7362D-CBF6-4409-A4B7-FD64DB94AB6F}.DebugWindows|Any CPU.Build.0 = Debug|Any CPU
		{9CD7362D-CBF6-4409-A4B7-FD64DB94AB6F}.DebugWindows|iPhone.ActiveCfg = Debug|Any CPU
		{9CD7362D-CBF6-4409-A4B7-FD64DB94AB6F}.DebugWindows|iPhone.Build.0 = Debug|Any CPU
		{9CD7362D-CBF6-4409-A4B7-FD64DB94AB6F}.DebugWindows|iPhoneSimulator.ActiveCfg = Debug|Any CPU
		{9CD7362D-CBF6-4409-A4B7-FD64DB94AB6F}.DebugWindows|iPhoneSimulator.Build.0 = Debug|Any CPU
		{9CD7362D-CBF6-4409-A4B7-FD64DB94AB6F}.ReleaseAwesomium|Any CPU.ActiveCfg = Release|Any CPU
		{9CD7362D-CBF6-4409-A4B7-FD64DB94AB6F}.ReleaseAwesomium|iPhone.ActiveCfg = Release|Any CPU
		{9CD7362D-CBF6-4409-A4B7-FD64DB94AB6F}.ReleaseAwesomium|iPhoneSimulator.ActiveCfg = Release|Any CPU
		{9CD7362D-CBF6-4409-A4B7-FD64DB94AB6F}.ReleaseLinux|Any CPU.ActiveCfg = Release|Any CPU
		{9CD7362D-CBF6-4409-A4B7-FD64DB94AB6F}.ReleaseLinux|iPhone.ActiveCfg = Release|Any CPU
		{9CD7362D-CBF6-4409-A4B7-FD64DB94AB6F}.ReleaseLinux|iPhoneSimulator.ActiveCfg = Release|Any CPU
		{9CD7362D-CBF6-4409-A4B7-FD64DB94AB6F}.ReleaseMac|Any CPU.ActiveCfg = Release|Any CPU
		{9CD7362D-CBF6-4409-A4B7-FD64DB94AB6F}.ReleaseMac|Any CPU.Build.0 = Release|Any CPU
		{9CD7362D-CBF6-4409-A4B7-FD64DB94AB6F}.ReleaseMac|iPhone.ActiveCfg = Release|Any CPU
		{9CD7362D-CBF6-4409-A4B7-FD64DB94AB6F}.ReleaseMac|iPhone.Build.0 = Release|Any CPU
		{9CD7362D-CBF6-4409-A4B7-FD64DB94AB6F}.ReleaseMac|iPhoneSimulator.ActiveCfg = Release|Any CPU
		{9CD7362D-CBF6-4409-A4B7-FD64DB94AB6F}.ReleaseMac|iPhoneSimulator.Build.0 = Release|Any CPU
		{9CD7362D-CBF6-4409-A4B7-FD64DB94AB6F}.ReleaseWindows|Any CPU.ActiveCfg = Release|Any CPU
		{9CD7362D-CBF6-4409-A4B7-FD64DB94AB6F}.ReleaseWindows|Any CPU.Build.0 = Release|Any CPU
		{9CD7362D-CBF6-4409-A4B7-FD64DB94AB6F}.ReleaseWindows|iPhone.ActiveCfg = Release|Any CPU
		{9CD7362D-CBF6-4409-A4B7-FD64DB94AB6F}.ReleaseWindows|iPhone.Build.0 = Release|Any CPU
		{9CD7362D-CBF6-4409-A4B7-FD64DB94AB6F}.ReleaseWindows|iPhoneSimulator.ActiveCfg = Release|Any CPU
		{9CD7362D-CBF6-4409-A4B7-FD64DB94AB6F}.ReleaseWindows|iPhoneSimulator.Build.0 = Release|Any CPU
		{F89989AB-3734-4A6F-ACFD-43586495DEC3}.DebugAwesomium|Any CPU.ActiveCfg = DebugAwesomium|Any CPU
		{F89989AB-3734-4A6F-ACFD-43586495DEC3}.DebugAwesomium|Any CPU.Build.0 = DebugAwesomium|Any CPU
		{F89989AB-3734-4A6F-ACFD-43586495DEC3}.DebugAwesomium|iPhone.ActiveCfg = DebugAwesomium|Any CPU
		{F89989AB-3734-4A6F-ACFD-43586495DEC3}.DebugAwesomium|iPhoneSimulator.ActiveCfg = DebugAwesomium|Any CPU
		{F89989AB-3734-4A6F-ACFD-43586495DEC3}.DebugLinux|Any CPU.ActiveCfg = DebugLinux|Any CPU
		{F89989AB-3734-4A6F-ACFD-43586495DEC3}.DebugLinux|iPhone.ActiveCfg = DebugLinux|Any CPU
		{F89989AB-3734-4A6F-ACFD-43586495DEC3}.DebugLinux|iPhoneSimulator.ActiveCfg = DebugLinux|Any CPU
		{F89989AB-3734-4A6F-ACFD-43586495DEC3}.DebugMac|Any CPU.ActiveCfg = DebugWindows|Any CPU
		{F89989AB-3734-4A6F-ACFD-43586495DEC3}.DebugMac|iPhone.ActiveCfg = DebugWindows|Any CPU
		{F89989AB-3734-4A6F-ACFD-43586495DEC3}.DebugMac|iPhoneSimulator.ActiveCfg = DebugWindows|Any CPU
		{F89989AB-3734-4A6F-ACFD-43586495DEC3}.DebugWindows|Any CPU.ActiveCfg = DebugWindows|Any CPU
		{F89989AB-3734-4A6F-ACFD-43586495DEC3}.DebugWindows|Any CPU.Build.0 = DebugWindows|Any CPU
		{F89989AB-3734-4A6F-ACFD-43586495DEC3}.DebugWindows|iPhone.ActiveCfg = DebugWindows|Any CPU
		{F89989AB-3734-4A6F-ACFD-43586495DEC3}.DebugWindows|iPhone.Build.0 = DebugWindows|Any CPU
		{F89989AB-3734-4A6F-ACFD-43586495DEC3}.DebugWindows|iPhoneSimulator.ActiveCfg = DebugWindows|Any CPU
		{F89989AB-3734-4A6F-ACFD-43586495DEC3}.DebugWindows|iPhoneSimulator.Build.0 = DebugWindows|Any CPU
		{F89989AB-3734-4A6F-ACFD-43586495DEC3}.ReleaseAwesomium|Any CPU.ActiveCfg = ReleaseAwesomium|Any CPU
		{F89989AB-3734-4A6F-ACFD-43586495DEC3}.ReleaseAwesomium|Any CPU.Build.0 = ReleaseAwesomium|Any CPU
		{F89989AB-3734-4A6F-ACFD-43586495DEC3}.ReleaseAwesomium|iPhone.ActiveCfg = ReleaseAwesomium|Any CPU
		{F89989AB-3734-4A6F-ACFD-43586495DEC3}.ReleaseAwesomium|iPhoneSimulator.ActiveCfg = ReleaseAwesomium|Any CPU
		{F89989AB-3734-4A6F-ACFD-43586495DEC3}.ReleaseLinux|Any CPU.ActiveCfg = ReleaseLinux|Any CPU
		{F89989AB-3734-4A6F-ACFD-43586495DEC3}.ReleaseLinux|iPhone.ActiveCfg = ReleaseLinux|Any CPU
		{F89989AB-3734-4A6F-ACFD-43586495DEC3}.ReleaseLinux|iPhoneSimulator.ActiveCfg = ReleaseLinux|Any CPU
		{F89989AB-3734-4A6F-ACFD-43586495DEC3}.ReleaseMac|Any CPU.ActiveCfg = ReleaseWindows|Any CPU
		{F89989AB-3734-4A6F-ACFD-43586495DEC3}.ReleaseMac|iPhone.ActiveCfg = ReleaseWindows|Any CPU
		{F89989AB-3734-4A6F-ACFD-43586495DEC3}.ReleaseMac|iPhoneSimulator.ActiveCfg = ReleaseWindows|Any CPU
		{F89989AB-3734-4A6F-ACFD-43586495DEC3}.ReleaseWindows|Any CPU.ActiveCfg = ReleaseWindows|Any CPU
		{F89989AB-3734-4A6F-ACFD-43586495DEC3}.ReleaseWindows|Any CPU.Build.0 = ReleaseWindows|Any CPU
		{F89989AB-3734-4A6F-ACFD-43586495DEC3}.ReleaseWindows|iPhone.ActiveCfg = ReleaseWindows|Any CPU
		{F89989AB-3734-4A6F-ACFD-43586495DEC3}.ReleaseWindows|iPhone.Build.0 = ReleaseWindows|Any CPU
		{F89989AB-3734-4A6F-ACFD-43586495DEC3}.ReleaseWindows|iPhoneSimulator.ActiveCfg = ReleaseWindows|Any CPU
		{F89989AB-3734-4A6F-ACFD-43586495DEC3}.ReleaseWindows|iPhoneSimulator.Build.0 = ReleaseWindows|Any CPU
		{BD421707-91F3-4C61-B29D-F082E414D08B}.DebugAwesomium|Any CPU.ActiveCfg = DebugAwesomium|Any CPU
		{BD421707-91F3-4C61-B29D-F082E414D08B}.DebugAwesomium|Any CPU.Build.0 = DebugAwesomium|Any CPU
		{BD421707-91F3-4C61-B29D-F082E414D08B}.DebugAwesomium|iPhone.ActiveCfg = DebugAwesomium|Any CPU
		{BD421707-91F3-4C61-B29D-F082E414D08B}.DebugAwesomium|iPhoneSimulator.ActiveCfg = DebugAwesomium|Any CPU
		{BD421707-91F3-4C61-B29D-F082E414D08B}.DebugLinux|Any CPU.ActiveCfg = DebugLinux|Any CPU
		{BD421707-91F3-4C61-B29D-F082E414D08B}.DebugLinux|iPhone.ActiveCfg = DebugLinux|Any CPU
		{BD421707-91F3-4C61-B29D-F082E414D08B}.DebugLinux|iPhoneSimulator.ActiveCfg = DebugLinux|Any CPU
		{BD421707-91F3-4C61-B29D-F082E414D08B}.DebugMac|Any CPU.ActiveCfg = DebugWindows|Any CPU
		{BD421707-91F3-4C61-B29D-F082E414D08B}.DebugMac|iPhone.ActiveCfg = DebugWindows|Any CPU
		{BD421707-91F3-4C61-B29D-F082E414D08B}.DebugMac|iPhoneSimulator.ActiveCfg = DebugWindows|Any CPU
		{BD421707-91F3-4C61-B29D-F082E414D08B}.DebugWindows|Any CPU.ActiveCfg = DebugWindows|Any CPU
		{BD421707-91F3-4C61-B29D-F082E414D08B}.DebugWindows|Any CPU.Build.0 = DebugWindows|Any CPU
		{BD421707-91F3-4C61-B29D-F082E414D08B}.DebugWindows|iPhone.ActiveCfg = DebugWindows|Any CPU
		{BD421707-91F3-4C61-B29D-F082E414D08B}.DebugWindows|iPhoneSimulator.ActiveCfg = DebugWindows|Any CPU
		{BD421707-91F3-4C61-B29D-F082E414D08B}.ReleaseAwesomium|Any CPU.ActiveCfg = ReleaseAwesomium|Any CPU
		{BD421707-91F3-4C61-B29D-F082E414D08B}.ReleaseAwesomium|Any CPU.Build.0 = ReleaseAwesomium|Any CPU
		{BD421707-91F3-4C61-B29D-F082E414D08B}.ReleaseAwesomium|iPhone.ActiveCfg = ReleaseAwesomium|Any CPU
		{BD421707-91F3-4C61-B29D-F082E414D08B}.ReleaseAwesomium|iPhoneSimulator.ActiveCfg = ReleaseAwesomium|Any CPU
		{BD421707-91F3-4C61-B29D-F082E414D08B}.ReleaseLinux|Any CPU.ActiveCfg = ReleaseLinux|Any CPU
		{BD421707-91F3-4C61-B29D-F082E414D08B}.ReleaseLinux|iPhone.ActiveCfg = ReleaseLinux|Any CPU
		{BD421707-91F3-4C61-B29D-F082E414D08B}.ReleaseLinux|iPhoneSimulator.ActiveCfg = ReleaseLinux|Any CPU
		{BD421707-91F3-4C61-B29D-F082E414D08B}.ReleaseMac|Any CPU.ActiveCfg = ReleaseWindows|Any CPU
		{BD421707-91F3-4C61-B29D-F082E414D08B}.ReleaseMac|iPhone.ActiveCfg = ReleaseWindows|Any CPU
		{BD421707-91F3-4C61-B29D-F082E414D08B}.ReleaseMac|iPhoneSimulator.ActiveCfg = ReleaseWindows|Any CPU
		{BD421707-91F3-4C61-B29D-F082E414D08B}.ReleaseWindows|Any CPU.ActiveCfg = ReleaseWindows|Any CPU
		{BD421707-91F3-4C61-B29D-F082E414D08B}.ReleaseWindows|Any CPU.Build.0 = ReleaseWindows|Any CPU
		{BD421707-91F3-4C61-B29D-F082E414D08B}.ReleaseWindows|iPhone.ActiveCfg = ReleaseWindows|Any CPU
		{BD421707-91F3-4C61-B29D-F082E414D08B}.ReleaseWindows|iPhoneSimulator.ActiveCfg = ReleaseWindows|Any CPU
		{20D4AB58-0AD1-461C-AABC-C2AA6AA30B4A}.DebugAwesomium|Any CPU.ActiveCfg = Debug|Any CPU
		{20D4AB58-0AD1-461C-AABC-C2AA6AA30B4A}.DebugAwesomium|iPhone.ActiveCfg = Debug|Any CPU
		{20D4AB58-0AD1-461C-AABC-C2AA6AA30B4A}.DebugAwesomium|iPhoneSimulator.ActiveCfg = Debug|Any CPU
		{20D4AB58-0AD1-461C-AABC-C2AA6AA30B4A}.DebugLinux|Any CPU.ActiveCfg = Debug|Any CPU
		{20D4AB58-0AD1-461C-AABC-C2AA6AA30B4A}.DebugLinux|iPhone.ActiveCfg = Debug|Any CPU
		{20D4AB58-0AD1-461C-AABC-C2AA6AA30B4A}.DebugLinux|iPhoneSimulator.ActiveCfg = Debug|Any CPU
		{20D4AB58-0AD1-461C-AABC-C2AA6AA30B4A}.DebugMac|Any CPU.ActiveCfg = Debug|Any CPU
		{20D4AB58-0AD1-461C-AABC-C2AA6AA30B4A}.DebugMac|iPhone.ActiveCfg = Debug|Any CPU
		{20D4AB58-0AD1-461C-AABC-C2AA6AA30B4A}.DebugMac|iPhoneSimulator.ActiveCfg = Debug|Any CPU
		{20D4AB58-0AD1-461C-AABC-C2AA6AA30B4A}.DebugWindows|Any CPU.ActiveCfg = Debug|Any CPU
		{20D4AB58-0AD1-461C-AABC-C2AA6AA30B4A}.DebugWindows|Any CPU.Build.0 = Debug|Any CPU
		{20D4AB58-0AD1-461C-AABC-C2AA6AA30B4A}.DebugWindows|iPhone.ActiveCfg = Debug|Any CPU
		{20D4AB58-0AD1-461C-AABC-C2AA6AA30B4A}.DebugWindows|iPhoneSimulator.ActiveCfg = Debug|Any CPU
		{20D4AB58-0AD1-461C-AABC-C2AA6AA30B4A}.ReleaseAwesomium|Any CPU.ActiveCfg = Release|Any CPU
		{20D4AB58-0AD1-461C-AABC-C2AA6AA30B4A}.ReleaseAwesomium|iPhone.ActiveCfg = Release|Any CPU
		{20D4AB58-0AD1-461C-AABC-C2AA6AA30B4A}.ReleaseAwesomium|iPhoneSimulator.ActiveCfg = Release|Any CPU
		{20D4AB58-0AD1-461C-AABC-C2AA6AA30B4A}.ReleaseLinux|Any CPU.ActiveCfg = Release|Any CPU
		{20D4AB58-0AD1-461C-AABC-C2AA6AA30B4A}.ReleaseLinux|iPhone.ActiveCfg = Release|Any CPU
		{20D4AB58-0AD1-461C-AABC-C2AA6AA30B4A}.ReleaseLinux|iPhoneSimulator.ActiveCfg = Release|Any CPU
		{20D4AB58-0AD1-461C-AABC-C2AA6AA30B4A}.ReleaseMac|Any CPU.ActiveCfg = Release|Any CPU
		{20D4AB58-0AD1-461C-AABC-C2AA6AA30B4A}.ReleaseMac|iPhone.ActiveCfg = Release|Any CPU
		{20D4AB58-0AD1-461C-AABC-C2AA6AA30B4A}.ReleaseMac|iPhoneSimulator.ActiveCfg = Release|Any CPU
		{20D4AB58-0AD1-461C-AABC-C2AA6AA30B4A}.ReleaseWindows|Any CPU.ActiveCfg = Release|Any CPU
		{20D4AB58-0AD1-461C-AABC-C2AA6AA30B4A}.ReleaseWindows|Any CPU.Build.0 = Release|Any CPU
		{20D4AB58-0AD1-461C-AABC-C2AA6AA30B4A}.ReleaseWindows|iPhone.ActiveCfg = Release|Any CPU
		{20D4AB58-0AD1-461C-AABC-C2AA6AA30B4A}.ReleaseWindows|iPhoneSimulator.ActiveCfg = Release|Any CPU
		{100DB815-8E96-4511-AE48-5F61D5C24BA1}.DebugAwesomium|Any CPU.ActiveCfg = Debug|Any CPU
		{100DB815-8E96-4511-AE48-5F61D5C24BA1}.DebugAwesomium|iPhone.ActiveCfg = Debug|Any CPU
		{100DB815-8E96-4511-AE48-5F61D5C24BA1}.DebugAwesomium|iPhoneSimulator.ActiveCfg = Debug|Any CPU
		{100DB815-8E96-4511-AE48-5F61D5C24BA1}.DebugLinux|Any CPU.ActiveCfg = Debug|Any CPU
		{100DB815-8E96-4511-AE48-5F61D5C24BA1}.DebugLinux|iPhone.ActiveCfg = Debug|Any CPU
		{100DB815-8E96-4511-AE48-5F61D5C24BA1}.DebugLinux|iPhoneSimulator.ActiveCfg = Debug|Any CPU
		{100DB815-8E96-4511-AE48-5F61D5C24BA1}.DebugMac|Any CPU.ActiveCfg = Debug|Any CPU
		{100DB815-8E96-4511-AE48-5F61D5C24BA1}.DebugMac|iPhone.ActiveCfg = Debug|Any CPU
		{100DB815-8E96-4511-AE48-5F61D5C24BA1}.DebugMac|iPhoneSimulator.ActiveCfg = Debug|Any CPU
		{100DB815-8E96-4511-AE48-5F61D5C24BA1}.DebugWindows|Any CPU.ActiveCfg = Debug|Any CPU
		{100DB815-8E96-4511-AE48-5F61D5C24BA1}.DebugWindows|Any CPU.Build.0 = Debug|Any CPU
		{100DB815-8E96-4511-AE48-5F61D5C24BA1}.DebugWindows|iPhone.ActiveCfg = Debug|Any CPU
		{100DB815-8E96-4511-AE48-5F61D5C24BA1}.DebugWindows|iPhoneSimulator.ActiveCfg = Debug|Any CPU
		{100DB815-8E96-4511-AE48-5F61D5C24BA1}.ReleaseAwesomium|Any CPU.ActiveCfg = Release|Any CPU
		{100DB815-8E96-4511-AE48-5F61D5C24BA1}.ReleaseAwesomium|iPhone.ActiveCfg = Release|Any CPU
		{100DB815-8E96-4511-AE48-5F61D5C24BA1}.ReleaseAwesomium|iPhoneSimulator.ActiveCfg = Release|Any CPU
		{100DB815-8E96-4511-AE48-5F61D5C24BA1}.ReleaseLinux|Any CPU.ActiveCfg = Release|Any CPU
		{100DB815-8E96-4511-AE48-5F61D5C24BA1}.ReleaseLinux|iPhone.ActiveCfg = Release|Any CPU
		{100DB815-8E96-4511-AE48-5F61D5C24BA1}.ReleaseLinux|iPhoneSimulator.ActiveCfg = Release|Any CPU
		{100DB815-8E96-4511-AE48-5F61D5C24BA1}.ReleaseMac|Any CPU.ActiveCfg = Release|Any CPU
		{100DB815-8E96-4511-AE48-5F61D5C24BA1}.ReleaseMac|iPhone.ActiveCfg = Release|Any CPU
		{100DB815-8E96-4511-AE48-5F61D5C24BA1}.ReleaseMac|iPhoneSimulator.ActiveCfg = Release|Any CPU
		{100DB815-8E96-4511-AE48-5F61D5C24BA1}.ReleaseWindows|Any CPU.ActiveCfg = Release|Any CPU
		{100DB815-8E96-4511-AE48-5F61D5C24BA1}.ReleaseWindows|Any CPU.Build.0 = Release|Any CPU
		{100DB815-8E96-4511-AE48-5F61D5C24BA1}.ReleaseWindows|iPhone.ActiveCfg = Release|Any CPU
		{100DB815-8E96-4511-AE48-5F61D5C24BA1}.ReleaseWindows|iPhoneSimulator.ActiveCfg = Release|Any CPU
		{66831558-849D-4E15-9011-4E6FFA689326}.DebugAwesomium|Any CPU.ActiveCfg = DebugAwesomium|Any CPU
		{66831558-849D-4E15-9011-4E6FFA689326}.DebugAwesomium|Any CPU.Build.0 = DebugAwesomium|Any CPU
		{66831558-849D-4E15-9011-4E6FFA689326}.DebugAwesomium|iPhone.ActiveCfg = DebugAwesomium|Any CPU
		{66831558-849D-4E15-9011-4E6FFA689326}.DebugAwesomium|iPhoneSimulator.ActiveCfg = DebugAwesomium|Any CPU
		{66831558-849D-4E15-9011-4E6FFA689326}.DebugLinux|Any CPU.ActiveCfg = DebugLinux|Any CPU
		{66831558-849D-4E15-9011-4E6FFA689326}.DebugLinux|iPhone.ActiveCfg = DebugLinux|Any CPU
		{66831558-849D-4E15-9011-4E6FFA689326}.DebugLinux|iPhoneSimulator.ActiveCfg = DebugLinux|Any CPU
		{66831558-849D-4E15-9011-4E6FFA689326}.DebugMac|Any CPU.ActiveCfg = DebugWindows|Any CPU
		{66831558-849D-4E15-9011-4E6FFA689326}.DebugMac|iPhone.ActiveCfg = DebugWindows|Any CPU
		{66831558-849D-4E15-9011-4E6FFA689326}.DebugMac|iPhoneSimulator.ActiveCfg = DebugWindows|Any CPU
		{66831558-849D-4E15-9011-4E6FFA689326}.DebugWindows|Any CPU.ActiveCfg = DebugWindows|Any CPU
		{66831558-849D-4E15-9011-4E6FFA689326}.DebugWindows|Any CPU.Build.0 = DebugWindows|Any CPU
		{66831558-849D-4E15-9011-4E6FFA689326}.DebugWindows|iPhone.ActiveCfg = DebugWindows|Any CPU
		{66831558-849D-4E15-9011-4E6FFA689326}.DebugWindows|iPhoneSimulator.ActiveCfg = DebugWindows|Any CPU
		{66831558-849D-4E15-9011-4E6FFA689326}.ReleaseAwesomium|Any CPU.ActiveCfg = ReleaseAwesomium|Any CPU
		{66831558-849D-4E15-9011-4E6FFA689326}.ReleaseAwesomium|Any CPU.Build.0 = ReleaseAwesomium|Any CPU
		{66831558-849D-4E15-9011-4E6FFA689326}.ReleaseAwesomium|iPhone.ActiveCfg = ReleaseAwesomium|Any CPU
		{66831558-849D-4E15-9011-4E6FFA689326}.ReleaseAwesomium|iPhoneSimulator.ActiveCfg = ReleaseAwesomium|Any CPU
		{66831558-849D-4E15-9011-4E6FFA689326}.ReleaseLinux|Any CPU.ActiveCfg = ReleaseLinux|Any CPU
		{66831558-849D-4E15-9011-4E6FFA689326}.ReleaseLinux|iPhone.ActiveCfg = ReleaseLinux|Any CPU
		{66831558-849D-4E15-9011-4E6FFA689326}.ReleaseLinux|iPhoneSimulator.ActiveCfg = ReleaseLinux|Any CPU
		{66831558-849D-4E15-9011-4E6FFA689326}.ReleaseMac|Any CPU.ActiveCfg = ReleaseWindows|Any CPU
		{66831558-849D-4E15-9011-4E6FFA689326}.ReleaseMac|iPhone.ActiveCfg = ReleaseWindows|Any CPU
		{66831558-849D-4E15-9011-4E6FFA689326}.ReleaseMac|iPhoneSimulator.ActiveCfg = ReleaseWindows|Any CPU
		{66831558-849D-4E15-9011-4E6FFA689326}.ReleaseWindows|Any CPU.ActiveCfg = ReleaseWindows|Any CPU
		{66831558-849D-4E15-9011-4E6FFA689326}.ReleaseWindows|Any CPU.Build.0 = ReleaseWindows|Any CPU
		{66831558-849D-4E15-9011-4E6FFA689326}.ReleaseWindows|iPhone.ActiveCfg = ReleaseWindows|Any CPU
		{66831558-849D-4E15-9011-4E6FFA689326}.ReleaseWindows|iPhoneSimulator.ActiveCfg = ReleaseWindows|Any CPU
		{6EA0FA78-44D1-4CA7-9E0A-ECB870C5288E}.DebugAwesomium|Any CPU.ActiveCfg = DebugAwesomium|Any CPU
		{6EA0FA78-44D1-4CA7-9E0A-ECB870C5288E}.DebugAwesomium|Any CPU.Build.0 = DebugAwesomium|Any CPU
		{6EA0FA78-44D1-4CA7-9E0A-ECB870C5288E}.DebugAwesomium|iPhone.ActiveCfg = DebugAwesomium|Any CPU
		{6EA0FA78-44D1-4CA7-9E0A-ECB870C5288E}.DebugAwesomium|iPhoneSimulator.ActiveCfg = DebugAwesomium|Any CPU
		{6EA0FA78-44D1-4CA7-9E0A-ECB870C5288E}.DebugLinux|Any CPU.ActiveCfg = DebugLinux|Any CPU
		{6EA0FA78-44D1-4CA7-9E0A-ECB870C5288E}.DebugLinux|iPhone.ActiveCfg = DebugLinux|Any CPU
		{6EA0FA78-44D1-4CA7-9E0A-ECB870C5288E}.DebugLinux|iPhoneSimulator.ActiveCfg = DebugLinux|Any CPU
		{6EA0FA78-44D1-4CA7-9E0A-ECB870C5288E}.DebugMac|Any CPU.ActiveCfg = Debug|Any CPU
		{6EA0FA78-44D1-4CA7-9E0A-ECB870C5288E}.DebugMac|iPhone.ActiveCfg = Debug|Any CPU
		{6EA0FA78-44D1-4CA7-9E0A-ECB870C5288E}.DebugMac|iPhoneSimulator.ActiveCfg = Debug|Any CPU
		{6EA0FA78-44D1-4CA7-9E0A-ECB870C5288E}.DebugWindows|Any CPU.ActiveCfg = Debug|Any CPU
		{6EA0FA78-44D1-4CA7-9E0A-ECB870C5288E}.DebugWindows|iPhone.ActiveCfg = Debug|Any CPU
		{6EA0FA78-44D1-4CA7-9E0A-ECB870C5288E}.DebugWindows|iPhoneSimulator.ActiveCfg = Debug|Any CPU
		{6EA0FA78-44D1-4CA7-9E0A-ECB870C5288E}.ReleaseAwesomium|Any CPU.ActiveCfg = ReleaseAwesomium|Any CPU
		{6EA0FA78-44D1-4CA7-9E0A-ECB870C5288E}.ReleaseAwesomium|Any CPU.Build.0 = ReleaseAwesomium|Any CPU
		{6EA0FA78-44D1-4CA7-9E0A-ECB870C5288E}.ReleaseAwesomium|iPhone.ActiveCfg = ReleaseAwesomium|Any CPU
		{6EA0FA78-44D1-4CA7-9E0A-ECB870C5288E}.ReleaseAwesomium|iPhoneSimulator.ActiveCfg = ReleaseAwesomium|Any CPU
		{6EA0FA78-44D1-4CA7-9E0A-ECB870C5288E}.ReleaseLinux|Any CPU.ActiveCfg = ReleaseLinux|Any CPU
		{6EA0FA78-44D1-4CA7-9E0A-ECB870C5288E}.ReleaseLinux|iPhone.ActiveCfg = ReleaseLinux|Any CPU
		{6EA0FA78-44D1-4CA7-9E0A-ECB870C5288E}.ReleaseLinux|iPhoneSimulator.ActiveCfg = ReleaseLinux|Any CPU
		{6EA0FA78-44D1-4CA7-9E0A-ECB870C5288E}.ReleaseMac|Any CPU.ActiveCfg = Release|Any CPU
		{6EA0FA78-44D1-4CA7-9E0A-ECB870C5288E}.ReleaseMac|iPhone.ActiveCfg = Release|Any CPU
		{6EA0FA78-44D1-4CA7-9E0A-ECB870C5288E}.ReleaseMac|iPhoneSimulator.ActiveCfg = Release|Any CPU
		{6EA0FA78-44D1-4CA7-9E0A-ECB870C5288E}.ReleaseWindows|Any CPU.ActiveCfg = Release|Any CPU
		{6EA0FA78-44D1-4CA7-9E0A-ECB870C5288E}.ReleaseWindows|iPhone.ActiveCfg = Release|Any CPU
		{6EA0FA78-44D1-4CA7-9E0A-ECB870C5288E}.ReleaseWindows|iPhoneSimulator.ActiveCfg = Release|Any CPU
	EndGlobalSection
	GlobalSection(SolutionProperties) = preSolution
		HideSolutionNode = FALSE
	EndGlobalSection
	GlobalSection(NestedProjects) = preSolution
		{0A27B4E0-BE58-478B-A7F8-5CE3CC98EE79} = {03DB0493-A5E0-469E-81AA-EAAF9AA544CE}
		{AA95C124-239B-4497-9B5F-E1C1AB55E2C0} = {03DB0493-A5E0-469E-81AA-EAAF9AA544CE}
		{9CD7362D-CBF6-4409-A4B7-FD64DB94AB6F} = {03DB0493-A5E0-469E-81AA-EAAF9AA544CE}
		{F89989AB-3734-4A6F-ACFD-43586495DEC3} = {03DB0493-A5E0-469E-81AA-EAAF9AA544CE}
		{BD421707-91F3-4C61-B29D-F082E414D08B} = {03DB0493-A5E0-469E-81AA-EAAF9AA544CE}
	EndGlobalSection
	GlobalSection(MonoDevelopProperties) = preSolution
		StartupItem = SampleApplication\Spinnaker.Sample.Mac\Spinnaker.Sample.Mac.csproj
	EndGlobalSection
EndGlobal
