
Microsoft Visual Studio Solution File, Format Version 12.00
# Visual Studio 2012
Project("{FAE04EC0-301F-11D3-BF4B-00C04F79EFBC}") = "Spinnaker.Core", "Spinnaker.Core\Spinnaker.Core.csproj", "{594D5E05-511B-4CB1-AFDC-109DE95C689B}"
EndProject
Project("{FAE04EC0-301F-11D3-BF4B-00C04F79EFBC}") = "Spinnaker.Bridge.WinForms", "Spinnaker.Bridge.WinForms\Spinnaker.Bridge.WinForms.csproj", "{7CB0C5ED-DE52-4435-9BF5-98193FBA3990}"
EndProject
Project("{FAE04EC0-301F-11D3-BF4B-00C04F79EFBC}") = "Spinnaker.Log4net", "Spinnaker.Log4net\Spinnaker.Log4net.csproj", "{ABFEC90E-7433-4AE5-859E-EF3B877C8CD4}"
EndProject
Project("{2150E333-8FDC-42A3-9474-1A3956D46DE8}") = "Samples", "Samples", "{03DB0493-A5E0-469E-81AA-EAAF9AA544CE}"
EndProject
Project("{FAE04EC0-301F-11D3-BF4B-00C04F79EFBC}") = "SampleApplication.Core", "SampleApplication\SampleApplication.Core\SampleApplication.Core.csproj", "{0A27B4E0-BE58-478B-A7F8-5CE3CC98EE79}"
EndProject
Project("{FAE04EC0-301F-11D3-BF4B-00C04F79EFBC}") = "Spinnaker.Sample.WinForms", "SampleApplication\Spinnaker.Sample.Windows\Spinnaker.Sample.WinForms.csproj", "{F89989AB-3734-4A6F-ACFD-43586495DEC3}"
EndProject
Project("{FAE04EC0-301F-11D3-BF4B-00C04F79EFBC}") = "Spinnaker.Sample.WPF", "SampleApplication\Spinnaker.Sample.WPF\Spinnaker.Sample.WPF.csproj", "{BD421707-91F3-4C61-B29D-F082E414D08B}"
EndProject
Project("{FAE04EC0-301F-11D3-BF4B-00C04F79EFBC}") = "Spinnaker.Bridge.WPF", "Spinnaker.Bridge.WPF\Spinnaker.Bridge.WPF.csproj", "{66831558-849D-4E15-9011-4E6FFA689326}"
EndProject
Global
	GlobalSection(SolutionConfigurationPlatforms) = preSolution
		DebugWindows|Any CPU = DebugWindows|Any CPU
		DebugWindows|iPhone = DebugWindows|iPhone
		DebugWindows|iPhoneSimulator = DebugWindows|iPhoneSimulator
		ReleaseWindows|Any CPU = ReleaseWindows|Any CPU
		ReleaseWindows|iPhone = ReleaseWindows|iPhone
		ReleaseWindows|iPhoneSimulator = ReleaseWindows|iPhoneSimulator
	EndGlobalSection
	GlobalSection(ProjectConfigurationPlatforms) = postSolution
		{594D5E05-511B-4CB1-AFDC-109DE95C689B}.DebugWindows|Any CPU.ActiveCfg = DebugWindows|Any CPU
		{594D5E05-511B-4CB1-AFDC-109DE95C689B}.DebugWindows|Any CPU.Build.0 = DebugWindows|Any CPU
		{594D5E05-511B-4CB1-AFDC-109DE95C689B}.DebugWindows|iPhone.ActiveCfg = DebugWindows|Any CPU
		{594D5E05-511B-4CB1-AFDC-109DE95C689B}.DebugWindows|iPhoneSimulator.ActiveCfg = DebugWindows|Any CPU
		{594D5E05-511B-4CB1-AFDC-109DE95C689B}.ReleaseWindows|Any CPU.ActiveCfg = ReleaseWindows|Any CPU
		{594D5E05-511B-4CB1-AFDC-109DE95C689B}.ReleaseWindows|Any CPU.Build.0 = ReleaseWindows|Any CPU
		{594D5E05-511B-4CB1-AFDC-109DE95C689B}.ReleaseWindows|iPhone.ActiveCfg = ReleaseWindows|Any CPU
		{594D5E05-511B-4CB1-AFDC-109DE95C689B}.ReleaseWindows|iPhoneSimulator.ActiveCfg = ReleaseWindows|Any CPU
		{7CB0C5ED-DE52-4435-9BF5-98193FBA3990}.DebugWindows|Any CPU.ActiveCfg = DebugWindows|Any CPU
		{7CB0C5ED-DE52-4435-9BF5-98193FBA3990}.DebugWindows|Any CPU.Build.0 = DebugWindows|Any CPU
		{7CB0C5ED-DE52-4435-9BF5-98193FBA3990}.DebugWindows|iPhone.ActiveCfg = DebugWindows|Any CPU
		{7CB0C5ED-DE52-4435-9BF5-98193FBA3990}.DebugWindows|iPhoneSimulator.ActiveCfg = DebugWindows|Any CPU
		{7CB0C5ED-DE52-4435-9BF5-98193FBA3990}.ReleaseWindows|Any CPU.ActiveCfg = ReleaseWindows|Any CPU
		{7CB0C5ED-DE52-4435-9BF5-98193FBA3990}.ReleaseWindows|Any CPU.Build.0 = ReleaseWindows|Any CPU
		{7CB0C5ED-DE52-4435-9BF5-98193FBA3990}.ReleaseWindows|iPhone.ActiveCfg = ReleaseWindows|Any CPU
		{7CB0C5ED-DE52-4435-9BF5-98193FBA3990}.ReleaseWindows|iPhoneSimulator.ActiveCfg = ReleaseWindows|Any CPU
		{ABFEC90E-7433-4AE5-859E-EF3B877C8CD4}.DebugWindows|Any CPU.ActiveCfg = DebugWindows|Any CPU
		{ABFEC90E-7433-4AE5-859E-EF3B877C8CD4}.DebugWindows|Any CPU.Build.0 = DebugWindows|Any CPU
		{ABFEC90E-7433-4AE5-859E-EF3B877C8CD4}.DebugWindows|iPhone.ActiveCfg = DebugWindows|Any CPU
		{ABFEC90E-7433-4AE5-859E-EF3B877C8CD4}.DebugWindows|iPhoneSimulator.ActiveCfg = DebugWindows|Any CPU
		{ABFEC90E-7433-4AE5-859E-EF3B877C8CD4}.ReleaseWindows|Any CPU.ActiveCfg = ReleaseWindows|Any CPU
		{ABFEC90E-7433-4AE5-859E-EF3B877C8CD4}.ReleaseWindows|Any CPU.Build.0 = ReleaseWindows|Any CPU
		{ABFEC90E-7433-4AE5-859E-EF3B877C8CD4}.ReleaseWindows|iPhone.ActiveCfg = ReleaseWindows|Any CPU
		{ABFEC90E-7433-4AE5-859E-EF3B877C8CD4}.ReleaseWindows|iPhoneSimulator.ActiveCfg = ReleaseWindows|Any CPU
		{0A27B4E0-BE58-478B-A7F8-5CE3CC98EE79}.DebugWindows|Any CPU.ActiveCfg = DebugWindows|Any CPU
		{0A27B4E0-BE58-478B-A7F8-5CE3CC98EE79}.DebugWindows|Any CPU.Build.0 = DebugWindows|Any CPU
		{0A27B4E0-BE58-478B-A7F8-5CE3CC98EE79}.DebugWindows|iPhone.ActiveCfg = DebugWindows|Any CPU
		{0A27B4E0-BE58-478B-A7F8-5CE3CC98EE79}.DebugWindows|iPhone.Build.0 = DebugWindows|Any CPU
		{0A27B4E0-BE58-478B-A7F8-5CE3CC98EE79}.DebugWindows|iPhoneSimulator.ActiveCfg = DebugWindows|Any CPU
		{0A27B4E0-BE58-478B-A7F8-5CE3CC98EE79}.DebugWindows|iPhoneSimulator.Build.0 = DebugWindows|Any CPU
		{0A27B4E0-BE58-478B-A7F8-5CE3CC98EE79}.ReleaseWindows|Any CPU.ActiveCfg = ReleaseWindows|Any CPU
		{0A27B4E0-BE58-478B-A7F8-5CE3CC98EE79}.ReleaseWindows|Any CPU.Build.0 = ReleaseWindows|Any CPU
		{0A27B4E0-BE58-478B-A7F8-5CE3CC98EE79}.ReleaseWindows|iPhone.ActiveCfg = ReleaseWindows|Any CPU
		{0A27B4E0-BE58-478B-A7F8-5CE3CC98EE79}.ReleaseWindows|iPhone.Build.0 = ReleaseWindows|Any CPU
		{0A27B4E0-BE58-478B-A7F8-5CE3CC98EE79}.ReleaseWindows|iPhoneSimulator.ActiveCfg = ReleaseWindows|Any CPU
		{0A27B4E0-BE58-478B-A7F8-5CE3CC98EE79}.ReleaseWindows|iPhoneSimulator.Build.0 = ReleaseWindows|Any CPU
		{F89989AB-3734-4A6F-ACFD-43586495DEC3}.DebugWindows|Any CPU.ActiveCfg = DebugWindows|Any CPU
		{F89989AB-3734-4A6F-ACFD-43586495DEC3}.DebugWindows|Any CPU.Build.0 = DebugWindows|Any CPU
		{F89989AB-3734-4A6F-ACFD-43586495DEC3}.DebugWindows|iPhone.ActiveCfg = DebugWindows|Any CPU
		{F89989AB-3734-4A6F-ACFD-43586495DEC3}.DebugWindows|iPhone.Build.0 = DebugWindows|Any CPU
		{F89989AB-3734-4A6F-ACFD-43586495DEC3}.DebugWindows|iPhoneSimulator.ActiveCfg = DebugWindows|Any CPU
		{F89989AB-3734-4A6F-ACFD-43586495DEC3}.DebugWindows|iPhoneSimulator.Build.0 = DebugWindows|Any CPU
		{F89989AB-3734-4A6F-ACFD-43586495DEC3}.ReleaseWindows|Any CPU.ActiveCfg = ReleaseWindows|Any CPU
		{F89989AB-3734-4A6F-ACFD-43586495DEC3}.ReleaseWindows|Any CPU.Build.0 = ReleaseWindows|Any CPU
		{F89989AB-3734-4A6F-ACFD-43586495DEC3}.ReleaseWindows|iPhone.ActiveCfg = ReleaseWindows|Any CPU
		{F89989AB-3734-4A6F-ACFD-43586495DEC3}.ReleaseWindows|iPhone.Build.0 = ReleaseWindows|Any CPU
		{F89989AB-3734-4A6F-ACFD-43586495DEC3}.ReleaseWindows|iPhoneSimulator.ActiveCfg = ReleaseWindows|Any CPU
		{F89989AB-3734-4A6F-ACFD-43586495DEC3}.ReleaseWindows|iPhoneSimulator.Build.0 = ReleaseWindows|Any CPU
		{BD421707-91F3-4C61-B29D-F082E414D08B}.DebugWindows|Any CPU.ActiveCfg = DebugWindows|Any CPU
		{BD421707-91F3-4C61-B29D-F082E414D08B}.DebugWindows|Any CPU.Build.0 = DebugWindows|Any CPU
		{BD421707-91F3-4C61-B29D-F082E414D08B}.DebugWindows|iPhone.ActiveCfg = DebugWindows|Any CPU
		{BD421707-91F3-4C61-B29D-F082E414D08B}.DebugWindows|iPhoneSimulator.ActiveCfg = DebugWindows|Any CPU
		{BD421707-91F3-4C61-B29D-F082E414D08B}.ReleaseWindows|Any CPU.ActiveCfg = ReleaseWindows|Any CPU
		{BD421707-91F3-4C61-B29D-F082E414D08B}.ReleaseWindows|Any CPU.Build.0 = ReleaseWindows|Any CPU
		{BD421707-91F3-4C61-B29D-F082E414D08B}.ReleaseWindows|iPhone.ActiveCfg = ReleaseWindows|Any CPU
		{BD421707-91F3-4C61-B29D-F082E414D08B}.ReleaseWindows|iPhoneSimulator.ActiveCfg = ReleaseWindows|Any CPU
		{66831558-849D-4E15-9011-4E6FFA689326}.DebugWindows|Any CPU.ActiveCfg = DebugWindows|Any CPU
		{66831558-849D-4E15-9011-4E6FFA689326}.DebugWindows|Any CPU.Build.0 = DebugWindows|Any CPU
		{66831558-849D-4E15-9011-4E6FFA689326}.DebugWindows|iPhone.ActiveCfg = DebugWindows|Any CPU
		{66831558-849D-4E15-9011-4E6FFA689326}.DebugWindows|iPhoneSimulator.ActiveCfg = DebugWindows|Any CPU
		{66831558-849D-4E15-9011-4E6FFA689326}.ReleaseWindows|Any CPU.ActiveCfg = ReleaseWindows|Any CPU
		{66831558-849D-4E15-9011-4E6FFA689326}.ReleaseWindows|Any CPU.Build.0 = ReleaseWindows|Any CPU
		{66831558-849D-4E15-9011-4E6FFA689326}.ReleaseWindows|iPhone.ActiveCfg = ReleaseWindows|Any CPU
		{66831558-849D-4E15-9011-4E6FFA689326}.ReleaseWindows|iPhoneSimulator.ActiveCfg = ReleaseWindows|Any CPU
	EndGlobalSection
	GlobalSection(SolutionProperties) = preSolution
		HideSolutionNode = FALSE
	EndGlobalSection
	GlobalSection(NestedProjects) = preSolution
		{0A27B4E0-BE58-478B-A7F8-5CE3CC98EE79} = {03DB0493-A5E0-469E-81AA-EAAF9AA544CE}
		{F89989AB-3734-4A6F-ACFD-43586495DEC3} = {03DB0493-A5E0-469E-81AA-EAAF9AA544CE}
		{BD421707-91F3-4C61-B29D-F082E414D08B} = {03DB0493-A5E0-469E-81AA-EAAF9AA544CE}
	EndGlobalSection
	GlobalSection(MonoDevelopProperties) = preSolution
		StartupItem = SampleApplication\Spinnaker.Sample.Mac\Spinnaker.Sample.Mac.csproj
	EndGlobalSection
EndGlobal
