
Microsoft Visual Studio Solution File, Format Version 12.00
# Visual Studio 2012
Project("{FAE04EC0-301F-11D3-BF4B-00C04F79EFBC}") = "Spinnaker.Core", "Spinnaker.Core\Spinnaker.Core.csproj", "{594D5E05-511B-4CB1-AFDC-109DE95C689B}"
EndProject
Project("{FAE04EC0-301F-11D3-BF4B-00C04F79EFBC}") = "Spinnaker.Bridge.Linux", "Spinnaker.Bridge.Linux\Spinnaker.Bridge.Linux.csproj", "{B93C4280-B4EC-4AF3-A94C-7238D7B9995F}"
EndProject
Project("{FAE04EC0-301F-11D3-BF4B-00C04F79EFBC}") = "Spinnaker.Bridge.Mac", "Spinnaker.Bridge.Mac\Spinnaker.Bridge.Mac.csproj", "{69BE8BF9-25BF-49D9-8A34-198CC86FA1EF}"
EndProject
Project("{FAE04EC0-301F-11D3-BF4B-00C04F79EFBC}") = "Spinnaker.Bridge.WinForms", "Spinnaker.Bridge.WinForms\Spinnaker.Bridge.WinForms.csproj", "{7CB0C5ED-DE52-4435-9BF5-98193FBA3990}"
EndProject
Project("{FAE04EC0-301F-11D3-BF4B-00C04F79EFBC}") = "Spinnaker.Log4net", "Spinnaker.Log4net\Spinnaker.Log4net.csproj", "{ABFEC90E-7433-4AE5-859E-EF3B877C8CD4}"
EndProject
Project("{2150E333-8FDC-42A3-9474-1A3956D46DE8}") = "Samples", "Samples", "{03DB0493-A5E0-469E-81AA-EAAF9AA544CE}"
EndProject
Project("{FAE04EC0-301F-11D3-BF4B-00C04F79EFBC}") = "SampleApplication.Core", "SampleApplication\SampleApplication.Core\SampleApplication.Core.csproj", "{0A27B4E0-BE58-478B-A7F8-5CE3CC98EE79}"
EndProject
Project("{FAE04EC0-301F-11D3-BF4B-00C04F79EFBC}") = "Spinnaker.Sample.iPad", "SampleApplication\Spinnaker.Sample.iPad\Spinnaker.Sample.iPad.csproj", "{AA95C124-239B-4497-9B5F-E1C1AB55E2C0}"
EndProject
Project("{FAE04EC0-301F-11D3-BF4B-00C04F79EFBC}") = "Spinnaker.Sample.Mac", "SampleApplication\Spinnaker.Sample.Mac\Spinnaker.Sample.Mac.csproj", "{9CD7362D-CBF6-4409-A4B7-FD64DB94AB6F}"
EndProject
Project("{FAE04EC0-301F-11D3-BF4B-00C04F79EFBC}") = "Spinnaker.Sample.WinForms", "SampleApplication\Spinnaker.Sample.Windows\Spinnaker.Sample.WinForms.csproj", "{F89989AB-3734-4A6F-ACFD-43586495DEC3}"
EndProject
Project("{FAE04EC0-301F-11D3-BF4B-00C04F79EFBC}") = "Spinnaker.Sample.WPF", "SampleApplication\Spinnaker.Sample.WPF\Spinnaker.Sample.WPF.csproj", "{BD421707-91F3-4C61-B29D-F082E414D08B}"
EndProject
Project("{FAE04EC0-301F-11D3-BF4B-00C04F79EFBC}") = "Spinnaker.Bridge.MonoTouch", "Spinnaker.Bridge.MonoTouch\Spinnaker.Bridge.MonoTouch.csproj", "{20D4AB58-0AD1-461C-AABC-C2AA6AA30B4A}"
EndProject
Project("{FAE04EC0-301F-11D3-BF4B-00C04F79EFBC}") = "Spinnaker.Core.MonoTouch", "Spinnaker.Core.MonoTouch\Spinnaker.Core.MonoTouch.csproj", "{100DB815-8E96-4511-AE48-5F61D5C24BA1}"
EndProject
Project("{FAE04EC0-301F-11D3-BF4B-00C04F79EFBC}") = "Spinnaker.Bridge.WPF", "Spinnaker.Bridge.WPF\Spinnaker.Bridge.WPF.csproj", "{66831558-849D-4E15-9011-4E6FFA689326}"
EndProject
Project("{FAE04EC0-301F-11D3-BF4B-00C04F79EFBC}") = "Spinnaker.Bridge.Awesomium.WinForms", "Spinnaker.Bridge.Awesomium.WinForms\Spinnaker.Bridge.Awesomium.WinForms.csproj", "{6EA0FA78-44D1-4CA7-9E0A-ECB870C5288E}"
EndProject
Global
	GlobalSection(SolutionConfigurationPlatforms) = preSolution
		1-DebugWindows|Any CPU = 1-DebugWindows|Any CPU
		1-DebugWindows|iPhone = 1-DebugWindows|iPhone
		1-DebugWindows|iPhoneSimulator = 1-DebugWindows|iPhoneSimulator
		2-DebugMac|Any CPU = 2-DebugMac|Any CPU
		2-DebugMac|iPhone = 2-DebugMac|iPhone
		2-DebugMac|iPhoneSimulator = 2-DebugMac|iPhoneSimulator
		3-DebugLinux|Any CPU = 3-DebugLinux|Any CPU
		3-DebugLinux|iPhone = 3-DebugLinux|iPhone
		3-DebugLinux|iPhoneSimulator = 3-DebugLinux|iPhoneSimulator
		4-DebugAwesomium|Any CPU = 4-DebugAwesomium|Any CPU
		4-DebugAwesomium|iPhone = 4-DebugAwesomium|iPhone
		4-DebugAwesomium|iPhoneSimulator = 4-DebugAwesomium|iPhoneSimulator
		5-ReleaseWindows|Any CPU = 5-ReleaseWindows|Any CPU
		5-ReleaseWindows|iPhone = 5-ReleaseWindows|iPhone
		5-ReleaseWindows|iPhoneSimulator = 5-ReleaseWindows|iPhoneSimulator
		6-ReleaseMac|Any CPU = 6-ReleaseMac|Any CPU
		6-ReleaseMac|iPhone = 6-ReleaseMac|iPhone
		6-ReleaseMac|iPhoneSimulator = 6-ReleaseMac|iPhoneSimulator
		7-ReleaseLinux|Any CPU = 7-ReleaseLinux|Any CPU
		7-ReleaseLinux|iPhone = 7-ReleaseLinux|iPhone
		7-ReleaseLinux|iPhoneSimulator = 7-ReleaseLinux|iPhoneSimulator
		8-ReleaseAwesomium|Any CPU = 8-ReleaseAwesomium|Any CPU
		8-ReleaseAwesomium|iPhone = 8-ReleaseAwesomium|iPhone
		8-ReleaseAwesomium|iPhoneSimulator = 8-ReleaseAwesomium|iPhoneSimulator
	EndGlobalSection
	GlobalSection(ProjectConfigurationPlatforms) = postSolution
		{594D5E05-511B-4CB1-AFDC-109DE95C689B}.1-DebugWindows|Any CPU.ActiveCfg = DebugWindows|Any CPU
		{594D5E05-511B-4CB1-AFDC-109DE95C689B}.1-DebugWindows|Any CPU.Build.0 = DebugWindows|Any CPU
		{594D5E05-511B-4CB1-AFDC-109DE95C689B}.1-DebugWindows|iPhone.ActiveCfg = DebugWindows|Any CPU
		{594D5E05-511B-4CB1-AFDC-109DE95C689B}.1-DebugWindows|iPhoneSimulator.ActiveCfg = DebugWindows|Any CPU
		{594D5E05-511B-4CB1-AFDC-109DE95C689B}.2-DebugMac|Any CPU.ActiveCfg = DebugMac|Any CPU
		{594D5E05-511B-4CB1-AFDC-109DE95C689B}.2-DebugMac|Any CPU.Build.0 = DebugMac|Any CPU
		{594D5E05-511B-4CB1-AFDC-109DE95C689B}.2-DebugMac|iPhone.ActiveCfg = DebugMac|Any CPU
		{594D5E05-511B-4CB1-AFDC-109DE95C689B}.2-DebugMac|iPhoneSimulator.ActiveCfg = DebugMac|Any CPU
		{594D5E05-511B-4CB1-AFDC-109DE95C689B}.3-DebugLinux|Any CPU.ActiveCfg = DebugLinux|Any CPU
		{594D5E05-511B-4CB1-AFDC-109DE95C689B}.3-DebugLinux|Any CPU.Build.0 = DebugLinux|Any CPU
		{594D5E05-511B-4CB1-AFDC-109DE95C689B}.3-DebugLinux|iPhone.ActiveCfg = DebugLinux|Any CPU
		{594D5E05-511B-4CB1-AFDC-109DE95C689B}.3-DebugLinux|iPhoneSimulator.ActiveCfg = DebugLinux|Any CPU
		{594D5E05-511B-4CB1-AFDC-109DE95C689B}.4-DebugAwesomium|Any CPU.ActiveCfg = DebugAwesomium|Any CPU
		{594D5E05-511B-4CB1-AFDC-109DE95C689B}.4-DebugAwesomium|Any CPU.Build.0 = DebugAwesomium|Any CPU
		{594D5E05-511B-4CB1-AFDC-109DE95C689B}.4-DebugAwesomium|iPhone.ActiveCfg = DebugAwesomium|Any CPU
		{594D5E05-511B-4CB1-AFDC-109DE95C689B}.4-DebugAwesomium|iPhoneSimulator.ActiveCfg = DebugAwesomium|Any CPU
		{594D5E05-511B-4CB1-AFDC-109DE95C689B}.5-ReleaseWindows|Any CPU.ActiveCfg = ReleaseWindows|Any CPU
		{594D5E05-511B-4CB1-AFDC-109DE95C689B}.5-ReleaseWindows|Any CPU.Build.0 = ReleaseWindows|Any CPU
		{594D5E05-511B-4CB1-AFDC-109DE95C689B}.5-ReleaseWindows|iPhone.ActiveCfg = ReleaseWindows|Any CPU
		{594D5E05-511B-4CB1-AFDC-109DE95C689B}.5-ReleaseWindows|iPhoneSimulator.ActiveCfg = ReleaseWindows|Any CPU
		{594D5E05-511B-4CB1-AFDC-109DE95C689B}.6-ReleaseMac|Any CPU.ActiveCfg = ReleaseMac|Any CPU
		{594D5E05-511B-4CB1-AFDC-109DE95C689B}.6-ReleaseMac|Any CPU.Build.0 = ReleaseMac|Any CPU
		{594D5E05-511B-4CB1-AFDC-109DE95C689B}.6-ReleaseMac|iPhone.ActiveCfg = ReleaseMac|Any CPU
		{594D5E05-511B-4CB1-AFDC-109DE95C689B}.6-ReleaseMac|iPhoneSimulator.ActiveCfg = ReleaseMac|Any CPU
		{594D5E05-511B-4CB1-AFDC-109DE95C689B}.7-ReleaseLinux|Any CPU.ActiveCfg = ReleaseLinux|Any CPU
		{594D5E05-511B-4CB1-AFDC-109DE95C689B}.7-ReleaseLinux|Any CPU.Build.0 = ReleaseLinux|Any CPU
		{594D5E05-511B-4CB1-AFDC-109DE95C689B}.7-ReleaseLinux|iPhone.ActiveCfg = ReleaseLinux|Any CPU
		{594D5E05-511B-4CB1-AFDC-109DE95C689B}.7-ReleaseLinux|iPhoneSimulator.ActiveCfg = ReleaseLinux|Any CPU
		{594D5E05-511B-4CB1-AFDC-109DE95C689B}.8-ReleaseAwesomium|Any CPU.ActiveCfg = ReleaseAwesomium|Any CPU
		{594D5E05-511B-4CB1-AFDC-109DE95C689B}.8-ReleaseAwesomium|Any CPU.Build.0 = ReleaseAwesomium|Any CPU
		{594D5E05-511B-4CB1-AFDC-109DE95C689B}.8-ReleaseAwesomium|iPhone.ActiveCfg = ReleaseAwesomium|Any CPU
		{594D5E05-511B-4CB1-AFDC-109DE95C689B}.8-ReleaseAwesomium|iPhoneSimulator.ActiveCfg = ReleaseAwesomium|Any CPU
		{B93C4280-B4EC-4AF3-A94C-7238D7B9995F}.1-DebugWindows|Any CPU.ActiveCfg = DebugLinux|Any CPU
		{B93C4280-B4EC-4AF3-A94C-7238D7B9995F}.1-DebugWindows|iPhone.ActiveCfg = DebugLinux|Any CPU
		{B93C4280-B4EC-4AF3-A94C-7238D7B9995F}.1-DebugWindows|iPhoneSimulator.ActiveCfg = DebugLinux|Any CPU
		{B93C4280-B4EC-4AF3-A94C-7238D7B9995F}.2-DebugMac|Any CPU.ActiveCfg = DebugLinux|Any CPU
		{B93C4280-B4EC-4AF3-A94C-7238D7B9995F}.2-DebugMac|iPhone.ActiveCfg = DebugLinux|Any CPU
		{B93C4280-B4EC-4AF3-A94C-7238D7B9995F}.2-DebugMac|iPhoneSimulator.ActiveCfg = DebugLinux|Any CPU
		{B93C4280-B4EC-4AF3-A94C-7238D7B9995F}.3-DebugLinux|Any CPU.ActiveCfg = DebugLinux|Any CPU
		{B93C4280-B4EC-4AF3-A94C-7238D7B9995F}.3-DebugLinux|Any CPU.Build.0 = DebugLinux|Any CPU
		{B93C4280-B4EC-4AF3-A94C-7238D7B9995F}.3-DebugLinux|iPhone.ActiveCfg = DebugLinux|Any CPU
		{B93C4280-B4EC-4AF3-A94C-7238D7B9995F}.3-DebugLinux|iPhoneSimulator.ActiveCfg = DebugLinux|Any CPU
		{B93C4280-B4EC-4AF3-A94C-7238D7B9995F}.4-DebugAwesomium|Any CPU.ActiveCfg = DebugAwesomium|Any CPU
		{B93C4280-B4EC-4AF3-A94C-7238D7B9995F}.4-DebugAwesomium|iPhone.ActiveCfg = DebugAwesomium|Any CPU
		{B93C4280-B4EC-4AF3-A94C-7238D7B9995F}.4-DebugAwesomium|iPhoneSimulator.ActiveCfg = DebugAwesomium|Any CPU
		{B93C4280-B4EC-4AF3-A94C-7238D7B9995F}.5-ReleaseWindows|Any CPU.ActiveCfg = ReleaseLinux|Any CPU
		{B93C4280-B4EC-4AF3-A94C-7238D7B9995F}.5-ReleaseWindows|iPhone.ActiveCfg = ReleaseLinux|Any CPU
		{B93C4280-B4EC-4AF3-A94C-7238D7B9995F}.5-ReleaseWindows|iPhoneSimulator.ActiveCfg = ReleaseLinux|Any CPU
		{B93C4280-B4EC-4AF3-A94C-7238D7B9995F}.6-ReleaseMac|Any CPU.ActiveCfg = ReleaseLinux|Any CPU
		{B93C4280-B4EC-4AF3-A94C-7238D7B9995F}.6-ReleaseMac|iPhone.ActiveCfg = ReleaseLinux|Any CPU
		{B93C4280-B4EC-4AF3-A94C-7238D7B9995F}.6-ReleaseMac|iPhoneSimulator.ActiveCfg = ReleaseLinux|Any CPU
		{B93C4280-B4EC-4AF3-A94C-7238D7B9995F}.7-ReleaseLinux|Any CPU.ActiveCfg = ReleaseLinux|Any CPU
		{B93C4280-B4EC-4AF3-A94C-7238D7B9995F}.7-ReleaseLinux|Any CPU.Build.0 = ReleaseLinux|Any CPU
		{B93C4280-B4EC-4AF3-A94C-7238D7B9995F}.7-ReleaseLinux|iPhone.ActiveCfg = ReleaseLinux|Any CPU
		{B93C4280-B4EC-4AF3-A94C-7238D7B9995F}.7-ReleaseLinux|iPhoneSimulator.ActiveCfg = ReleaseLinux|Any CPU
		{B93C4280-B4EC-4AF3-A94C-7238D7B9995F}.8-ReleaseAwesomium|Any CPU.ActiveCfg = ReleaseAwesomium|Any CPU
		{B93C4280-B4EC-4AF3-A94C-7238D7B9995F}.8-ReleaseAwesomium|iPhone.ActiveCfg = ReleaseAwesomium|Any CPU
		{B93C4280-B4EC-4AF3-A94C-7238D7B9995F}.8-ReleaseAwesomium|iPhoneSimulator.ActiveCfg = ReleaseAwesomium|Any CPU
		{69BE8BF9-25BF-49D9-8A34-198CC86FA1EF}.1-DebugWindows|Any CPU.ActiveCfg = DebugMac|Any CPU
		{69BE8BF9-25BF-49D9-8A34-198CC86FA1EF}.1-DebugWindows|iPhone.ActiveCfg = DebugMac|Any CPU
		{69BE8BF9-25BF-49D9-8A34-198CC86FA1EF}.1-DebugWindows|iPhoneSimulator.ActiveCfg = DebugMac|Any CPU
		{69BE8BF9-25BF-49D9-8A34-198CC86FA1EF}.2-DebugMac|Any CPU.ActiveCfg = DebugMac|Any CPU
		{69BE8BF9-25BF-49D9-8A34-198CC86FA1EF}.2-DebugMac|Any CPU.Build.0 = DebugMac|Any CPU
		{69BE8BF9-25BF-49D9-8A34-198CC86FA1EF}.2-DebugMac|iPhone.ActiveCfg = DebugMac|Any CPU
		{69BE8BF9-25BF-49D9-8A34-198CC86FA1EF}.2-DebugMac|iPhoneSimulator.ActiveCfg = DebugMac|Any CPU
		{69BE8BF9-25BF-49D9-8A34-198CC86FA1EF}.3-DebugLinux|Any CPU.ActiveCfg = DebugLinux|Any CPU
		{69BE8BF9-25BF-49D9-8A34-198CC86FA1EF}.3-DebugLinux|iPhone.ActiveCfg = DebugLinux|Any CPU
		{69BE8BF9-25BF-49D9-8A34-198CC86FA1EF}.3-DebugLinux|iPhoneSimulator.ActiveCfg = DebugLinux|Any CPU
		{69BE8BF9-25BF-49D9-8A34-198CC86FA1EF}.4-DebugAwesomium|Any CPU.ActiveCfg = DebugAwesomium|Any CPU
		{69BE8BF9-25BF-49D9-8A34-198CC86FA1EF}.4-DebugAwesomium|iPhone.ActiveCfg = DebugAwesomium|Any CPU
		{69BE8BF9-25BF-49D9-8A34-198CC86FA1EF}.4-DebugAwesomium|iPhoneSimulator.ActiveCfg = DebugAwesomium|Any CPU
		{69BE8BF9-25BF-49D9-8A34-198CC86FA1EF}.5-ReleaseWindows|Any CPU.ActiveCfg = ReleaseMac|Any CPU
		{69BE8BF9-25BF-49D9-8A34-198CC86FA1EF}.5-ReleaseWindows|iPhone.ActiveCfg = ReleaseMac|Any CPU
		{69BE8BF9-25BF-49D9-8A34-198CC86FA1EF}.5-ReleaseWindows|iPhoneSimulator.ActiveCfg = ReleaseMac|Any CPU
		{69BE8BF9-25BF-49D9-8A34-198CC86FA1EF}.6-ReleaseMac|Any CPU.ActiveCfg = ReleaseMac|Any CPU
		{69BE8BF9-25BF-49D9-8A34-198CC86FA1EF}.6-ReleaseMac|Any CPU.Build.0 = ReleaseMac|Any CPU
		{69BE8BF9-25BF-49D9-8A34-198CC86FA1EF}.6-ReleaseMac|iPhone.ActiveCfg = ReleaseMac|Any CPU
		{69BE8BF9-25BF-49D9-8A34-198CC86FA1EF}.6-ReleaseMac|iPhoneSimulator.ActiveCfg = ReleaseMac|Any CPU
		{69BE8BF9-25BF-49D9-8A34-198CC86FA1EF}.7-ReleaseLinux|Any CPU.ActiveCfg = ReleaseLinux|Any CPU
		{69BE8BF9-25BF-49D9-8A34-198CC86FA1EF}.7-ReleaseLinux|iPhone.ActiveCfg = ReleaseLinux|Any CPU
		{69BE8BF9-25BF-49D9-8A34-198CC86FA1EF}.7-ReleaseLinux|iPhoneSimulator.ActiveCfg = ReleaseLinux|Any CPU
		{69BE8BF9-25BF-49D9-8A34-198CC86FA1EF}.8-ReleaseAwesomium|Any CPU.ActiveCfg = ReleaseAwesomium|Any CPU
		{69BE8BF9-25BF-49D9-8A34-198CC86FA1EF}.8-ReleaseAwesomium|iPhone.ActiveCfg = ReleaseAwesomium|Any CPU
		{69BE8BF9-25BF-49D9-8A34-198CC86FA1EF}.8-ReleaseAwesomium|iPhoneSimulator.ActiveCfg = ReleaseAwesomium|Any CPU
		{7CB0C5ED-DE52-4435-9BF5-98193FBA3990}.1-DebugWindows|Any CPU.ActiveCfg = DebugWindows|Any CPU
		{7CB0C5ED-DE52-4435-9BF5-98193FBA3990}.1-DebugWindows|Any CPU.Build.0 = DebugWindows|Any CPU
		{7CB0C5ED-DE52-4435-9BF5-98193FBA3990}.1-DebugWindows|iPhone.ActiveCfg = DebugWindows|Any CPU
		{7CB0C5ED-DE52-4435-9BF5-98193FBA3990}.1-DebugWindows|iPhoneSimulator.ActiveCfg = DebugWindows|Any CPU
		{7CB0C5ED-DE52-4435-9BF5-98193FBA3990}.2-DebugMac|Any CPU.ActiveCfg = DebugWindows|Any CPU
		{7CB0C5ED-DE52-4435-9BF5-98193FBA3990}.2-DebugMac|iPhone.ActiveCfg = DebugWindows|Any CPU
		{7CB0C5ED-DE52-4435-9BF5-98193FBA3990}.2-DebugMac|iPhoneSimulator.ActiveCfg = DebugWindows|Any CPU
		{7CB0C5ED-DE52-4435-9BF5-98193FBA3990}.3-DebugLinux|Any CPU.ActiveCfg = DebugLinux|Any CPU
		{7CB0C5ED-DE52-4435-9BF5-98193FBA3990}.3-DebugLinux|iPhone.ActiveCfg = DebugLinux|Any CPU
		{7CB0C5ED-DE52-4435-9BF5-98193FBA3990}.3-DebugLinux|iPhoneSimulator.ActiveCfg = DebugLinux|Any CPU
		{7CB0C5ED-DE52-4435-9BF5-98193FBA3990}.4-DebugAwesomium|Any CPU.ActiveCfg = DebugAwesomium|Any CPU
		{7CB0C5ED-DE52-4435-9BF5-98193FBA3990}.4-DebugAwesomium|Any CPU.Build.0 = DebugAwesomium|Any CPU
		{7CB0C5ED-DE52-4435-9BF5-98193FBA3990}.4-DebugAwesomium|iPhone.ActiveCfg = DebugAwesomium|Any CPU
		{7CB0C5ED-DE52-4435-9BF5-98193FBA3990}.4-DebugAwesomium|iPhoneSimulator.ActiveCfg = DebugAwesomium|Any CPU
		{7CB0C5ED-DE52-4435-9BF5-98193FBA3990}.5-ReleaseWindows|Any CPU.ActiveCfg = ReleaseWindows|Any CPU
		{7CB0C5ED-DE52-4435-9BF5-98193FBA3990}.5-ReleaseWindows|Any CPU.Build.0 = ReleaseWindows|Any CPU
		{7CB0C5ED-DE52-4435-9BF5-98193FBA3990}.5-ReleaseWindows|iPhone.ActiveCfg = ReleaseWindows|Any CPU
		{7CB0C5ED-DE52-4435-9BF5-98193FBA3990}.5-ReleaseWindows|iPhoneSimulator.ActiveCfg = ReleaseWindows|Any CPU
		{7CB0C5ED-DE52-4435-9BF5-98193FBA3990}.6-ReleaseMac|Any CPU.ActiveCfg = ReleaseWindows|Any CPU
		{7CB0C5ED-DE52-4435-9BF5-98193FBA3990}.6-ReleaseMac|iPhone.ActiveCfg = ReleaseWindows|Any CPU
		{7CB0C5ED-DE52-4435-9BF5-98193FBA3990}.6-ReleaseMac|iPhoneSimulator.ActiveCfg = ReleaseWindows|Any CPU
		{7CB0C5ED-DE52-4435-9BF5-98193FBA3990}.7-ReleaseLinux|Any CPU.ActiveCfg = ReleaseLinux|Any CPU
		{7CB0C5ED-DE52-4435-9BF5-98193FBA3990}.7-ReleaseLinux|iPhone.ActiveCfg = ReleaseLinux|Any CPU
		{7CB0C5ED-DE52-4435-9BF5-98193FBA3990}.7-ReleaseLinux|iPhoneSimulator.ActiveCfg = ReleaseLinux|Any CPU
		{7CB0C5ED-DE52-4435-9BF5-98193FBA3990}.8-ReleaseAwesomium|Any CPU.ActiveCfg = ReleaseAwesomium|Any CPU
		{7CB0C5ED-DE52-4435-9BF5-98193FBA3990}.8-ReleaseAwesomium|Any CPU.Build.0 = ReleaseAwesomium|Any CPU
		{7CB0C5ED-DE52-4435-9BF5-98193FBA3990}.8-ReleaseAwesomium|iPhone.ActiveCfg = ReleaseAwesomium|Any CPU
		{7CB0C5ED-DE52-4435-9BF5-98193FBA3990}.8-ReleaseAwesomium|iPhoneSimulator.ActiveCfg = ReleaseAwesomium|Any CPU
		{ABFEC90E-7433-4AE5-859E-EF3B877C8CD4}.1-DebugWindows|Any CPU.ActiveCfg = DebugWindows|Any CPU
		{ABFEC90E-7433-4AE5-859E-EF3B877C8CD4}.1-DebugWindows|Any CPU.Build.0 = DebugWindows|Any CPU
		{ABFEC90E-7433-4AE5-859E-EF3B877C8CD4}.1-DebugWindows|iPhone.ActiveCfg = DebugWindows|Any CPU
		{ABFEC90E-7433-4AE5-859E-EF3B877C8CD4}.1-DebugWindows|iPhoneSimulator.ActiveCfg = DebugWindows|Any CPU
		{ABFEC90E-7433-4AE5-859E-EF3B877C8CD4}.2-DebugMac|Any CPU.ActiveCfg = DebugMac|Any CPU
		{ABFEC90E-7433-4AE5-859E-EF3B877C8CD4}.2-DebugMac|Any CPU.Build.0 = DebugMac|Any CPU
		{ABFEC90E-7433-4AE5-859E-EF3B877C8CD4}.2-DebugMac|iPhone.ActiveCfg = DebugMac|Any CPU
		{ABFEC90E-7433-4AE5-859E-EF3B877C8CD4}.2-DebugMac|iPhoneSimulator.ActiveCfg = DebugMac|Any CPU
		{ABFEC90E-7433-4AE5-859E-EF3B877C8CD4}.3-DebugLinux|Any CPU.ActiveCfg = DebugLinux|Any CPU
		{ABFEC90E-7433-4AE5-859E-EF3B877C8CD4}.3-DebugLinux|Any CPU.Build.0 = DebugLinux|Any CPU
		{ABFEC90E-7433-4AE5-859E-EF3B877C8CD4}.3-DebugLinux|iPhone.ActiveCfg = DebugLinux|Any CPU
		{ABFEC90E-7433-4AE5-859E-EF3B877C8CD4}.3-DebugLinux|iPhoneSimulator.ActiveCfg = DebugLinux|Any CPU
		{ABFEC90E-7433-4AE5-859E-EF3B877C8CD4}.4-DebugAwesomium|Any CPU.ActiveCfg = DebugAwesomium|Any CPU
		{ABFEC90E-7433-4AE5-859E-EF3B877C8CD4}.4-DebugAwesomium|Any CPU.Build.0 = DebugAwesomium|Any CPU
		{ABFEC90E-7433-4AE5-859E-EF3B877C8CD4}.4-DebugAwesomium|iPhone.ActiveCfg = DebugAwesomium|Any CPU
		{ABFEC90E-7433-4AE5-859E-EF3B877C8CD4}.4-DebugAwesomium|iPhoneSimulator.ActiveCfg = DebugAwesomium|Any CPU
		{ABFEC90E-7433-4AE5-859E-EF3B877C8CD4}.5-ReleaseWindows|Any CPU.ActiveCfg = ReleaseWindows|Any CPU
		{ABFEC90E-7433-4AE5-859E-EF3B877C8CD4}.5-ReleaseWindows|Any CPU.Build.0 = ReleaseWindows|Any CPU
		{ABFEC90E-7433-4AE5-859E-EF3B877C8CD4}.5-ReleaseWindows|iPhone.ActiveCfg = ReleaseWindows|Any CPU
		{ABFEC90E-7433-4AE5-859E-EF3B877C8CD4}.5-ReleaseWindows|iPhoneSimulator.ActiveCfg = ReleaseWindows|Any CPU
		{ABFEC90E-7433-4AE5-859E-EF3B877C8CD4}.6-ReleaseMac|Any CPU.ActiveCfg = ReleaseMac|Any CPU
		{ABFEC90E-7433-4AE5-859E-EF3B877C8CD4}.6-ReleaseMac|Any CPU.Build.0 = ReleaseMac|Any CPU
		{ABFEC90E-7433-4AE5-859E-EF3B877C8CD4}.6-ReleaseMac|iPhone.ActiveCfg = ReleaseMac|Any CPU
		{ABFEC90E-7433-4AE5-859E-EF3B877C8CD4}.6-ReleaseMac|iPhoneSimulator.ActiveCfg = ReleaseMac|Any CPU
		{ABFEC90E-7433-4AE5-859E-EF3B877C8CD4}.7-ReleaseLinux|Any CPU.ActiveCfg = ReleaseLinux|Any CPU
		{ABFEC90E-7433-4AE5-859E-EF3B877C8CD4}.7-ReleaseLinux|Any CPU.Build.0 = ReleaseLinux|Any CPU
		{ABFEC90E-7433-4AE5-859E-EF3B877C8CD4}.7-ReleaseLinux|iPhone.ActiveCfg = ReleaseLinux|Any CPU
		{ABFEC90E-7433-4AE5-859E-EF3B877C8CD4}.7-ReleaseLinux|iPhoneSimulator.ActiveCfg = ReleaseLinux|Any CPU
		{ABFEC90E-7433-4AE5-859E-EF3B877C8CD4}.8-ReleaseAwesomium|Any CPU.ActiveCfg = ReleaseAwesomium|Any CPU
		{ABFEC90E-7433-4AE5-859E-EF3B877C8CD4}.8-ReleaseAwesomium|Any CPU.Build.0 = ReleaseAwesomium|Any CPU
		{ABFEC90E-7433-4AE5-859E-EF3B877C8CD4}.8-ReleaseAwesomium|iPhone.ActiveCfg = ReleaseAwesomium|Any CPU
		{ABFEC90E-7433-4AE5-859E-EF3B877C8CD4}.8-ReleaseAwesomium|iPhoneSimulator.ActiveCfg = ReleaseAwesomium|Any CPU
		{0A27B4E0-BE58-478B-A7F8-5CE3CC98EE79}.1-DebugWindows|Any CPU.ActiveCfg = DebugWindows|Any CPU
		{0A27B4E0-BE58-478B-A7F8-5CE3CC98EE79}.1-DebugWindows|Any CPU.Build.0 = DebugWindows|Any CPU
		{0A27B4E0-BE58-478B-A7F8-5CE3CC98EE79}.1-DebugWindows|iPhone.ActiveCfg = DebugWindows|Any CPU
		{0A27B4E0-BE58-478B-A7F8-5CE3CC98EE79}.1-DebugWindows|iPhone.Build.0 = DebugWindows|Any CPU
		{0A27B4E0-BE58-478B-A7F8-5CE3CC98EE79}.1-DebugWindows|iPhoneSimulator.ActiveCfg = DebugWindows|Any CPU
		{0A27B4E0-BE58-478B-A7F8-5CE3CC98EE79}.1-DebugWindows|iPhoneSimulator.Build.0 = DebugWindows|Any CPU
		{0A27B4E0-BE58-478B-A7F8-5CE3CC98EE79}.2-DebugMac|Any CPU.ActiveCfg = DebugMac|Any CPU
		{0A27B4E0-BE58-478B-A7F8-5CE3CC98EE79}.2-DebugMac|Any CPU.Build.0 = DebugMac|Any CPU
		{0A27B4E0-BE58-478B-A7F8-5CE3CC98EE79}.2-DebugMac|iPhone.ActiveCfg = DebugMac|Any CPU
		{0A27B4E0-BE58-478B-A7F8-5CE3CC98EE79}.2-DebugMac|iPhone.Build.0 = DebugMac|Any CPU
		{0A27B4E0-BE58-478B-A7F8-5CE3CC98EE79}.2-DebugMac|iPhoneSimulator.ActiveCfg = DebugMac|Any CPU
		{0A27B4E0-BE58-478B-A7F8-5CE3CC98EE79}.2-DebugMac|iPhoneSimulator.Build.0 = DebugMac|Any CPU
		{0A27B4E0-BE58-478B-A7F8-5CE3CC98EE79}.3-DebugLinux|Any CPU.ActiveCfg = DebugLinux|Any CPU
		{0A27B4E0-BE58-478B-A7F8-5CE3CC98EE79}.3-DebugLinux|Any CPU.Build.0 = DebugLinux|Any CPU
		{0A27B4E0-BE58-478B-A7F8-5CE3CC98EE79}.3-DebugLinux|iPhone.ActiveCfg = DebugLinux|Any CPU
		{0A27B4E0-BE58-478B-A7F8-5CE3CC98EE79}.3-DebugLinux|iPhoneSimulator.ActiveCfg = DebugLinux|Any CPU
		{0A27B4E0-BE58-478B-A7F8-5CE3CC98EE79}.4-DebugAwesomium|Any CPU.ActiveCfg = DebugAwesomium|Any CPU
		{0A27B4E0-BE58-478B-A7F8-5CE3CC98EE79}.4-DebugAwesomium|Any CPU.Build.0 = DebugAwesomium|Any CPU
		{0A27B4E0-BE58-478B-A7F8-5CE3CC98EE79}.4-DebugAwesomium|iPhone.ActiveCfg = DebugAwesomium|Any CPU
		{0A27B4E0-BE58-478B-A7F8-5CE3CC98EE79}.4-DebugAwesomium|iPhoneSimulator.ActiveCfg = DebugAwesomium|Any CPU
		{0A27B4E0-BE58-478B-A7F8-5CE3CC98EE79}.5-ReleaseWindows|Any CPU.ActiveCfg = ReleaseWindows|Any CPU
		{0A27B4E0-BE58-478B-A7F8-5CE3CC98EE79}.5-ReleaseWindows|Any CPU.Build.0 = ReleaseWindows|Any CPU
		{0A27B4E0-BE58-478B-A7F8-5CE3CC98EE79}.5-ReleaseWindows|iPhone.ActiveCfg = ReleaseWindows|Any CPU
		{0A27B4E0-BE58-478B-A7F8-5CE3CC98EE79}.5-ReleaseWindows|iPhone.Build.0 = ReleaseWindows|Any CPU
		{0A27B4E0-BE58-478B-A7F8-5CE3CC98EE79}.5-ReleaseWindows|iPhoneSimulator.ActiveCfg = ReleaseWindows|Any CPU
		{0A27B4E0-BE58-478B-A7F8-5CE3CC98EE79}.5-ReleaseWindows|iPhoneSimulator.Build.0 = ReleaseWindows|Any CPU
		{0A27B4E0-BE58-478B-A7F8-5CE3CC98EE79}.6-ReleaseMac|Any CPU.ActiveCfg = ReleaseMac|Any CPU
		{0A27B4E0-BE58-478B-A7F8-5CE3CC98EE79}.6-ReleaseMac|Any CPU.Build.0 = ReleaseMac|Any CPU
		{0A27B4E0-BE58-478B-A7F8-5CE3CC98EE79}.6-ReleaseMac|iPhone.ActiveCfg = ReleaseMac|Any CPU
		{0A27B4E0-BE58-478B-A7F8-5CE3CC98EE79}.6-ReleaseMac|iPhone.Build.0 = ReleaseMac|Any CPU
		{0A27B4E0-BE58-478B-A7F8-5CE3CC98EE79}.6-ReleaseMac|iPhoneSimulator.ActiveCfg = ReleaseMac|Any CPU
		{0A27B4E0-BE58-478B-A7F8-5CE3CC98EE79}.6-ReleaseMac|iPhoneSimulator.Build.0 = ReleaseMac|Any CPU
		{0A27B4E0-BE58-478B-A7F8-5CE3CC98EE79}.7-ReleaseLinux|Any CPU.ActiveCfg = ReleaseLinux|Any CPU
		{0A27B4E0-BE58-478B-A7F8-5CE3CC98EE79}.7-ReleaseLinux|Any CPU.Build.0 = ReleaseLinux|Any CPU
		{0A27B4E0-BE58-478B-A7F8-5CE3CC98EE79}.7-ReleaseLinux|iPhone.ActiveCfg = ReleaseLinux|Any CPU
		{0A27B4E0-BE58-478B-A7F8-5CE3CC98EE79}.7-ReleaseLinux|iPhoneSimulator.ActiveCfg = ReleaseLinux|Any CPU
		{0A27B4E0-BE58-478B-A7F8-5CE3CC98EE79}.8-ReleaseAwesomium|Any CPU.ActiveCfg = ReleaseAwesomium|Any CPU
		{0A27B4E0-BE58-478B-A7F8-5CE3CC98EE79}.8-ReleaseAwesomium|Any CPU.Build.0 = ReleaseAwesomium|Any CPU
		{0A27B4E0-BE58-478B-A7F8-5CE3CC98EE79}.8-ReleaseAwesomium|iPhone.ActiveCfg = ReleaseAwesomium|Any CPU
		{0A27B4E0-BE58-478B-A7F8-5CE3CC98EE79}.8-ReleaseAwesomium|iPhoneSimulator.ActiveCfg = ReleaseAwesomium|Any CPU
		{AA95C124-239B-4497-9B5F-E1C1AB55E2C0}.1-DebugWindows|Any CPU.ActiveCfg = Debug|iPhoneSimulator
		{AA95C124-239B-4497-9B5F-E1C1AB55E2C0}.1-DebugWindows|Any CPU.Build.0 = Debug|iPhoneSimulator
		{AA95C124-239B-4497-9B5F-E1C1AB55E2C0}.1-DebugWindows|iPhone.ActiveCfg = Debug|iPhone
		{AA95C124-239B-4497-9B5F-E1C1AB55E2C0}.1-DebugWindows|iPhone.Build.0 = Debug|iPhone
		{AA95C124-239B-4497-9B5F-E1C1AB55E2C0}.1-DebugWindows|iPhoneSimulator.ActiveCfg = Debug|iPhoneSimulator
		{AA95C124-239B-4497-9B5F-E1C1AB55E2C0}.1-DebugWindows|iPhoneSimulator.Build.0 = Debug|iPhoneSimulator
		{AA95C124-239B-4497-9B5F-E1C1AB55E2C0}.2-DebugMac|Any CPU.ActiveCfg = Debug|iPhoneSimulator
		{AA95C124-239B-4497-9B5F-E1C1AB55E2C0}.2-DebugMac|iPhone.ActiveCfg = Debug|iPhone
		{AA95C124-239B-4497-9B5F-E1C1AB55E2C0}.2-DebugMac|iPhone.Build.0 = Debug|iPhone
		{AA95C124-239B-4497-9B5F-E1C1AB55E2C0}.2-DebugMac|iPhoneSimulator.ActiveCfg = Debug|iPhoneSimulator
		{AA95C124-239B-4497-9B5F-E1C1AB55E2C0}.2-DebugMac|iPhoneSimulator.Build.0 = Debug|iPhoneSimulator
		{AA95C124-239B-4497-9B5F-E1C1AB55E2C0}.3-DebugLinux|Any CPU.ActiveCfg = Debug|iPhoneSimulator
		{AA95C124-239B-4497-9B5F-E1C1AB55E2C0}.3-DebugLinux|iPhone.ActiveCfg = Debug|iPhone
		{AA95C124-239B-4497-9B5F-E1C1AB55E2C0}.3-DebugLinux|iPhoneSimulator.ActiveCfg = Debug|iPhoneSimulator
		{AA95C124-239B-4497-9B5F-E1C1AB55E2C0}.4-DebugAwesomium|Any CPU.ActiveCfg = Debug|iPhone
		{AA95C124-239B-4497-9B5F-E1C1AB55E2C0}.4-DebugAwesomium|iPhone.ActiveCfg = Debug|iPhone
		{AA95C124-239B-4497-9B5F-E1C1AB55E2C0}.4-DebugAwesomium|iPhoneSimulator.ActiveCfg = Debug|iPhoneSimulator
		{AA95C124-239B-4497-9B5F-E1C1AB55E2C0}.5-ReleaseWindows|Any CPU.ActiveCfg = Debug|iPhoneSimulator
		{AA95C124-239B-4497-9B5F-E1C1AB55E2C0}.5-ReleaseWindows|Any CPU.Build.0 = Debug|iPhoneSimulator
		{AA95C124-239B-4497-9B5F-E1C1AB55E2C0}.5-ReleaseWindows|iPhone.ActiveCfg = Debug|iPhone
		{AA95C124-239B-4497-9B5F-E1C1AB55E2C0}.5-ReleaseWindows|iPhone.Build.0 = Debug|iPhone
		{AA95C124-239B-4497-9B5F-E1C1AB55E2C0}.5-ReleaseWindows|iPhoneSimulator.ActiveCfg = Debug|iPhoneSimulator
		{AA95C124-239B-4497-9B5F-E1C1AB55E2C0}.5-ReleaseWindows|iPhoneSimulator.Build.0 = Debug|iPhoneSimulator
		{AA95C124-239B-4497-9B5F-E1C1AB55E2C0}.6-ReleaseMac|Any CPU.ActiveCfg = Debug|iPhoneSimulator
		{AA95C124-239B-4497-9B5F-E1C1AB55E2C0}.6-ReleaseMac|iPhone.ActiveCfg = Debug|iPhone
		{AA95C124-239B-4497-9B5F-E1C1AB55E2C0}.6-ReleaseMac|iPhone.Build.0 = Debug|iPhone
		{AA95C124-239B-4497-9B5F-E1C1AB55E2C0}.6-ReleaseMac|iPhoneSimulator.ActiveCfg = Debug|iPhoneSimulator
		{AA95C124-239B-4497-9B5F-E1C1AB55E2C0}.6-ReleaseMac|iPhoneSimulator.Build.0 = Debug|iPhoneSimulator
		{AA95C124-239B-4497-9B5F-E1C1AB55E2C0}.7-ReleaseLinux|Any CPU.ActiveCfg = Debug|iPhoneSimulator
		{AA95C124-239B-4497-9B5F-E1C1AB55E2C0}.7-ReleaseLinux|iPhone.ActiveCfg = Debug|iPhone
		{AA95C124-239B-4497-9B5F-E1C1AB55E2C0}.7-ReleaseLinux|iPhoneSimulator.ActiveCfg = Debug|iPhoneSimulator
		{AA95C124-239B-4497-9B5F-E1C1AB55E2C0}.8-ReleaseAwesomium|Any CPU.ActiveCfg = Debug|iPhone
		{AA95C124-239B-4497-9B5F-E1C1AB55E2C0}.8-ReleaseAwesomium|iPhone.ActiveCfg = Debug|iPhone
		{AA95C124-239B-4497-9B5F-E1C1AB55E2C0}.8-ReleaseAwesomium|iPhoneSimulator.ActiveCfg = Debug|iPhoneSimulator
		{9CD7362D-CBF6-4409-A4B7-FD64DB94AB6F}.1-DebugWindows|Any CPU.ActiveCfg = Debug|Any CPU
		{9CD7362D-CBF6-4409-A4B7-FD64DB94AB6F}.1-DebugWindows|Any CPU.Build.0 = Debug|Any CPU
		{9CD7362D-CBF6-4409-A4B7-FD64DB94AB6F}.1-DebugWindows|iPhone.ActiveCfg = Debug|Any CPU
		{9CD7362D-CBF6-4409-A4B7-FD64DB94AB6F}.1-DebugWindows|iPhone.Build.0 = Debug|Any CPU
		{9CD7362D-CBF6-4409-A4B7-FD64DB94AB6F}.1-DebugWindows|iPhoneSimulator.ActiveCfg = Debug|Any CPU
		{9CD7362D-CBF6-4409-A4B7-FD64DB94AB6F}.1-DebugWindows|iPhoneSimulator.Build.0 = Debug|Any CPU
		{9CD7362D-CBF6-4409-A4B7-FD64DB94AB6F}.2-DebugMac|Any CPU.ActiveCfg = Debug|Any CPU
		{9CD7362D-CBF6-4409-A4B7-FD64DB94AB6F}.2-DebugMac|Any CPU.Build.0 = Debug|Any CPU
		{9CD7362D-CBF6-4409-A4B7-FD64DB94AB6F}.2-DebugMac|iPhone.ActiveCfg = Debug|Any CPU
		{9CD7362D-CBF6-4409-A4B7-FD64DB94AB6F}.2-DebugMac|iPhone.Build.0 = Debug|Any CPU
		{9CD7362D-CBF6-4409-A4B7-FD64DB94AB6F}.2-DebugMac|iPhoneSimulator.ActiveCfg = Debug|Any CPU
		{9CD7362D-CBF6-4409-A4B7-FD64DB94AB6F}.2-DebugMac|iPhoneSimulator.Build.0 = Debug|Any CPU
		{9CD7362D-CBF6-4409-A4B7-FD64DB94AB6F}.3-DebugLinux|Any CPU.ActiveCfg = Debug|Any CPU
		{9CD7362D-CBF6-4409-A4B7-FD64DB94AB6F}.3-DebugLinux|iPhone.ActiveCfg = Debug|Any CPU
		{9CD7362D-CBF6-4409-A4B7-FD64DB94AB6F}.3-DebugLinux|iPhoneSimulator.ActiveCfg = Debug|Any CPU
		{9CD7362D-CBF6-4409-A4B7-FD64DB94AB6F}.4-DebugAwesomium|Any CPU.ActiveCfg = Debug|Any CPU
		{9CD7362D-CBF6-4409-A4B7-FD64DB94AB6F}.4-DebugAwesomium|iPhone.ActiveCfg = Debug|Any CPU
		{9CD7362D-CBF6-4409-A4B7-FD64DB94AB6F}.4-DebugAwesomium|iPhoneSimulator.ActiveCfg = Debug|Any CPU
		{9CD7362D-CBF6-4409-A4B7-FD64DB94AB6F}.5-ReleaseWindows|Any CPU.ActiveCfg = Release|Any CPU
		{9CD7362D-CBF6-4409-A4B7-FD64DB94AB6F}.5-ReleaseWindows|Any CPU.Build.0 = Release|Any CPU
		{9CD7362D-CBF6-4409-A4B7-FD64DB94AB6F}.5-ReleaseWindows|iPhone.ActiveCfg = Release|Any CPU
		{9CD7362D-CBF6-4409-A4B7-FD64DB94AB6F}.5-ReleaseWindows|iPhone.Build.0 = Release|Any CPU
		{9CD7362D-CBF6-4409-A4B7-FD64DB94AB6F}.5-ReleaseWindows|iPhoneSimulator.ActiveCfg = Release|Any CPU
		{9CD7362D-CBF6-4409-A4B7-FD64DB94AB6F}.5-ReleaseWindows|iPhoneSimulator.Build.0 = Release|Any CPU
		{9CD7362D-CBF6-4409-A4B7-FD64DB94AB6F}.6-ReleaseMac|Any CPU.ActiveCfg = Release|Any CPU
		{9CD7362D-CBF6-4409-A4B7-FD64DB94AB6F}.6-ReleaseMac|Any CPU.Build.0 = Release|Any CPU
		{9CD7362D-CBF6-4409-A4B7-FD64DB94AB6F}.6-ReleaseMac|iPhone.ActiveCfg = Release|Any CPU
		{9CD7362D-CBF6-4409-A4B7-FD64DB94AB6F}.6-ReleaseMac|iPhone.Build.0 = Release|Any CPU
		{9CD7362D-CBF6-4409-A4B7-FD64DB94AB6F}.6-ReleaseMac|iPhoneSimulator.ActiveCfg = Release|Any CPU
		{9CD7362D-CBF6-4409-A4B7-FD64DB94AB6F}.6-ReleaseMac|iPhoneSimulator.Build.0 = Release|Any CPU
		{9CD7362D-CBF6-4409-A4B7-FD64DB94AB6F}.7-ReleaseLinux|Any CPU.ActiveCfg = Release|Any CPU
		{9CD7362D-CBF6-4409-A4B7-FD64DB94AB6F}.7-ReleaseLinux|iPhone.ActiveCfg = Release|Any CPU
		{9CD7362D-CBF6-4409-A4B7-FD64DB94AB6F}.7-ReleaseLinux|iPhoneSimulator.ActiveCfg = Release|Any CPU
		{9CD7362D-CBF6-4409-A4B7-FD64DB94AB6F}.8-ReleaseAwesomium|Any CPU.ActiveCfg = Release|Any CPU
		{9CD7362D-CBF6-4409-A4B7-FD64DB94AB6F}.8-ReleaseAwesomium|iPhone.ActiveCfg = Release|Any CPU
		{9CD7362D-CBF6-4409-A4B7-FD64DB94AB6F}.8-ReleaseAwesomium|iPhoneSimulator.ActiveCfg = Release|Any CPU
		{F89989AB-3734-4A6F-ACFD-43586495DEC3}.1-DebugWindows|Any CPU.ActiveCfg = DebugWindows|Any CPU
		{F89989AB-3734-4A6F-ACFD-43586495DEC3}.1-DebugWindows|Any CPU.Build.0 = DebugWindows|Any CPU
		{F89989AB-3734-4A6F-ACFD-43586495DEC3}.1-DebugWindows|iPhone.ActiveCfg = DebugWindows|Any CPU
		{F89989AB-3734-4A6F-ACFD-43586495DEC3}.1-DebugWindows|iPhone.Build.0 = DebugWindows|Any CPU
		{F89989AB-3734-4A6F-ACFD-43586495DEC3}.1-DebugWindows|iPhoneSimulator.ActiveCfg = DebugWindows|Any CPU
		{F89989AB-3734-4A6F-ACFD-43586495DEC3}.1-DebugWindows|iPhoneSimulator.Build.0 = DebugWindows|Any CPU
		{F89989AB-3734-4A6F-ACFD-43586495DEC3}.2-DebugMac|Any CPU.ActiveCfg = DebugWindows|Any CPU
		{F89989AB-3734-4A6F-ACFD-43586495DEC3}.2-DebugMac|iPhone.ActiveCfg = DebugWindows|Any CPU
		{F89989AB-3734-4A6F-ACFD-43586495DEC3}.2-DebugMac|iPhoneSimulator.ActiveCfg = DebugWindows|Any CPU
		{F89989AB-3734-4A6F-ACFD-43586495DEC3}.3-DebugLinux|Any CPU.ActiveCfg = DebugLinux|Any CPU
		{F89989AB-3734-4A6F-ACFD-43586495DEC3}.3-DebugLinux|iPhone.ActiveCfg = DebugLinux|Any CPU
		{F89989AB-3734-4A6F-ACFD-43586495DEC3}.3-DebugLinux|iPhoneSimulator.ActiveCfg = DebugLinux|Any CPU
		{F89989AB-3734-4A6F-ACFD-43586495DEC3}.4-DebugAwesomium|Any CPU.ActiveCfg = DebugAwesomium|Any CPU
		{F89989AB-3734-4A6F-ACFD-43586495DEC3}.4-DebugAwesomium|Any CPU.Build.0 = DebugAwesomium|Any CPU
		{F89989AB-3734-4A6F-ACFD-43586495DEC3}.4-DebugAwesomium|iPhone.ActiveCfg = DebugAwesomium|Any CPU
		{F89989AB-3734-4A6F-ACFD-43586495DEC3}.4-DebugAwesomium|iPhoneSimulator.ActiveCfg = DebugAwesomium|Any CPU
		{F89989AB-3734-4A6F-ACFD-43586495DEC3}.5-ReleaseWindows|Any CPU.ActiveCfg = ReleaseWindows|Any CPU
		{F89989AB-3734-4A6F-ACFD-43586495DEC3}.5-ReleaseWindows|Any CPU.Build.0 = ReleaseWindows|Any CPU
		{F89989AB-3734-4A6F-ACFD-43586495DEC3}.5-ReleaseWindows|iPhone.ActiveCfg = ReleaseWindows|Any CPU
		{F89989AB-3734-4A6F-ACFD-43586495DEC3}.5-ReleaseWindows|iPhone.Build.0 = ReleaseWindows|Any CPU
		{F89989AB-3734-4A6F-ACFD-43586495DEC3}.5-ReleaseWindows|iPhoneSimulator.ActiveCfg = ReleaseWindows|Any CPU
		{F89989AB-3734-4A6F-ACFD-43586495DEC3}.5-ReleaseWindows|iPhoneSimulator.Build.0 = ReleaseWindows|Any CPU
		{F89989AB-3734-4A6F-ACFD-43586495DEC3}.6-ReleaseMac|Any CPU.ActiveCfg = ReleaseWindows|Any CPU
		{F89989AB-3734-4A6F-ACFD-43586495DEC3}.6-ReleaseMac|iPhone.ActiveCfg = ReleaseWindows|Any CPU
		{F89989AB-3734-4A6F-ACFD-43586495DEC3}.6-ReleaseMac|iPhoneSimulator.ActiveCfg = ReleaseWindows|Any CPU
		{F89989AB-3734-4A6F-ACFD-43586495DEC3}.7-ReleaseLinux|Any CPU.ActiveCfg = ReleaseLinux|Any CPU
		{F89989AB-3734-4A6F-ACFD-43586495DEC3}.7-ReleaseLinux|iPhone.ActiveCfg = ReleaseLinux|Any CPU
		{F89989AB-3734-4A6F-ACFD-43586495DEC3}.7-ReleaseLinux|iPhoneSimulator.ActiveCfg = ReleaseLinux|Any CPU
		{F89989AB-3734-4A6F-ACFD-43586495DEC3}.8-ReleaseAwesomium|Any CPU.ActiveCfg = ReleaseAwesomium|Any CPU
		{F89989AB-3734-4A6F-ACFD-43586495DEC3}.8-ReleaseAwesomium|Any CPU.Build.0 = ReleaseAwesomium|Any CPU
		{F89989AB-3734-4A6F-ACFD-43586495DEC3}.8-ReleaseAwesomium|iPhone.ActiveCfg = ReleaseAwesomium|Any CPU
		{F89989AB-3734-4A6F-ACFD-43586495DEC3}.8-ReleaseAwesomium|iPhoneSimulator.ActiveCfg = ReleaseAwesomium|Any CPU
		{BD421707-91F3-4C61-B29D-F082E414D08B}.1-DebugWindows|Any CPU.ActiveCfg = DebugWindows|Any CPU
		{BD421707-91F3-4C61-B29D-F082E414D08B}.1-DebugWindows|Any CPU.Build.0 = DebugWindows|Any CPU
		{BD421707-91F3-4C61-B29D-F082E414D08B}.1-DebugWindows|iPhone.ActiveCfg = DebugWindows|Any CPU
		{BD421707-91F3-4C61-B29D-F082E414D08B}.1-DebugWindows|iPhoneSimulator.ActiveCfg = DebugWindows|Any CPU
		{BD421707-91F3-4C61-B29D-F082E414D08B}.2-DebugMac|Any CPU.ActiveCfg = DebugWindows|Any CPU
		{BD421707-91F3-4C61-B29D-F082E414D08B}.2-DebugMac|iPhone.ActiveCfg = DebugWindows|Any CPU
		{BD421707-91F3-4C61-B29D-F082E414D08B}.2-DebugMac|iPhoneSimulator.ActiveCfg = DebugWindows|Any CPU
		{BD421707-91F3-4C61-B29D-F082E414D08B}.3-DebugLinux|Any CPU.ActiveCfg = DebugLinux|Any CPU
		{BD421707-91F3-4C61-B29D-F082E414D08B}.3-DebugLinux|iPhone.ActiveCfg = DebugLinux|Any CPU
		{BD421707-91F3-4C61-B29D-F082E414D08B}.3-DebugLinux|iPhoneSimulator.ActiveCfg = DebugLinux|Any CPU
		{BD421707-91F3-4C61-B29D-F082E414D08B}.4-DebugAwesomium|Any CPU.ActiveCfg = DebugAwesomium|Any CPU
		{BD421707-91F3-4C61-B29D-F082E414D08B}.4-DebugAwesomium|Any CPU.Build.0 = DebugAwesomium|Any CPU
		{BD421707-91F3-4C61-B29D-F082E414D08B}.4-DebugAwesomium|iPhone.ActiveCfg = DebugAwesomium|Any CPU
		{BD421707-91F3-4C61-B29D-F082E414D08B}.4-DebugAwesomium|iPhoneSimulator.ActiveCfg = DebugAwesomium|Any CPU
		{BD421707-91F3-4C61-B29D-F082E414D08B}.5-ReleaseWindows|Any CPU.ActiveCfg = ReleaseWindows|Any CPU
		{BD421707-91F3-4C61-B29D-F082E414D08B}.5-ReleaseWindows|Any CPU.Build.0 = ReleaseWindows|Any CPU
		{BD421707-91F3-4C61-B29D-F082E414D08B}.5-ReleaseWindows|iPhone.ActiveCfg = ReleaseWindows|Any CPU
		{BD421707-91F3-4C61-B29D-F082E414D08B}.5-ReleaseWindows|iPhoneSimulator.ActiveCfg = ReleaseWindows|Any CPU
		{BD421707-91F3-4C61-B29D-F082E414D08B}.6-ReleaseMac|Any CPU.ActiveCfg = ReleaseWindows|Any CPU
		{BD421707-91F3-4C61-B29D-F082E414D08B}.6-ReleaseMac|iPhone.ActiveCfg = ReleaseWindows|Any CPU
		{BD421707-91F3-4C61-B29D-F082E414D08B}.6-ReleaseMac|iPhoneSimulator.ActiveCfg = ReleaseWindows|Any CPU
		{BD421707-91F3-4C61-B29D-F082E414D08B}.7-ReleaseLinux|Any CPU.ActiveCfg = ReleaseLinux|Any CPU
		{BD421707-91F3-4C61-B29D-F082E414D08B}.7-ReleaseLinux|iPhone.ActiveCfg = ReleaseLinux|Any CPU
		{BD421707-91F3-4C61-B29D-F082E414D08B}.7-ReleaseLinux|iPhoneSimulator.ActiveCfg = ReleaseLinux|Any CPU
		{BD421707-91F3-4C61-B29D-F082E414D08B}.8-ReleaseAwesomium|Any CPU.ActiveCfg = ReleaseAwesomium|Any CPU
		{BD421707-91F3-4C61-B29D-F082E414D08B}.8-ReleaseAwesomium|Any CPU.Build.0 = ReleaseAwesomium|Any CPU
		{BD421707-91F3-4C61-B29D-F082E414D08B}.8-ReleaseAwesomium|iPhone.ActiveCfg = ReleaseAwesomium|Any CPU
		{BD421707-91F3-4C61-B29D-F082E414D08B}.8-ReleaseAwesomium|iPhoneSimulator.ActiveCfg = ReleaseAwesomium|Any CPU
		{20D4AB58-0AD1-461C-AABC-C2AA6AA30B4A}.1-DebugWindows|Any CPU.ActiveCfg = Debug|Any CPU
		{20D4AB58-0AD1-461C-AABC-C2AA6AA30B4A}.1-DebugWindows|Any CPU.Build.0 = Debug|Any CPU
		{20D4AB58-0AD1-461C-AABC-C2AA6AA30B4A}.1-DebugWindows|iPhone.ActiveCfg = Debug|Any CPU
		{20D4AB58-0AD1-461C-AABC-C2AA6AA30B4A}.1-DebugWindows|iPhoneSimulator.ActiveCfg = Debug|Any CPU
		{20D4AB58-0AD1-461C-AABC-C2AA6AA30B4A}.2-DebugMac|Any CPU.ActiveCfg = Debug|Any CPU
		{20D4AB58-0AD1-461C-AABC-C2AA6AA30B4A}.2-DebugMac|iPhone.ActiveCfg = Debug|Any CPU
		{20D4AB58-0AD1-461C-AABC-C2AA6AA30B4A}.2-DebugMac|iPhoneSimulator.ActiveCfg = Debug|Any CPU
		{20D4AB58-0AD1-461C-AABC-C2AA6AA30B4A}.3-DebugLinux|Any CPU.ActiveCfg = Debug|Any CPU
		{20D4AB58-0AD1-461C-AABC-C2AA6AA30B4A}.3-DebugLinux|iPhone.ActiveCfg = Debug|Any CPU
		{20D4AB58-0AD1-461C-AABC-C2AA6AA30B4A}.3-DebugLinux|iPhoneSimulator.ActiveCfg = Debug|Any CPU
		{20D4AB58-0AD1-461C-AABC-C2AA6AA30B4A}.4-DebugAwesomium|Any CPU.ActiveCfg = Debug|Any CPU
		{20D4AB58-0AD1-461C-AABC-C2AA6AA30B4A}.4-DebugAwesomium|iPhone.ActiveCfg = Debug|Any CPU
		{20D4AB58-0AD1-461C-AABC-C2AA6AA30B4A}.4-DebugAwesomium|iPhoneSimulator.ActiveCfg = Debug|Any CPU
		{20D4AB58-0AD1-461C-AABC-C2AA6AA30B4A}.5-ReleaseWindows|Any CPU.ActiveCfg = Release|Any CPU
		{20D4AB58-0AD1-461C-AABC-C2AA6AA30B4A}.5-ReleaseWindows|Any CPU.Build.0 = Release|Any CPU
		{20D4AB58-0AD1-461C-AABC-C2AA6AA30B4A}.5-ReleaseWindows|iPhone.ActiveCfg = Release|Any CPU
		{20D4AB58-0AD1-461C-AABC-C2AA6AA30B4A}.5-ReleaseWindows|iPhoneSimulator.ActiveCfg = Release|Any CPU
		{20D4AB58-0AD1-461C-AABC-C2AA6AA30B4A}.6-ReleaseMac|Any CPU.ActiveCfg = Release|Any CPU
		{20D4AB58-0AD1-461C-AABC-C2AA6AA30B4A}.6-ReleaseMac|iPhone.ActiveCfg = Release|Any CPU
		{20D4AB58-0AD1-461C-AABC-C2AA6AA30B4A}.6-ReleaseMac|iPhoneSimulator.ActiveCfg = Release|Any CPU
		{20D4AB58-0AD1-461C-AABC-C2AA6AA30B4A}.7-ReleaseLinux|Any CPU.ActiveCfg = Release|Any CPU
		{20D4AB58-0AD1-461C-AABC-C2AA6AA30B4A}.7-ReleaseLinux|iPhone.ActiveCfg = Release|Any CPU
		{20D4AB58-0AD1-461C-AABC-C2AA6AA30B4A}.7-ReleaseLinux|iPhoneSimulator.ActiveCfg = Release|Any CPU
		{20D4AB58-0AD1-461C-AABC-C2AA6AA30B4A}.8-ReleaseAwesomium|Any CPU.ActiveCfg = Release|Any CPU
		{20D4AB58-0AD1-461C-AABC-C2AA6AA30B4A}.8-ReleaseAwesomium|iPhone.ActiveCfg = Release|Any CPU
		{20D4AB58-0AD1-461C-AABC-C2AA6AA30B4A}.8-ReleaseAwesomium|iPhoneSimulator.ActiveCfg = Release|Any CPU
		{100DB815-8E96-4511-AE48-5F61D5C24BA1}.1-DebugWindows|Any CPU.ActiveCfg = Debug|Any CPU
		{100DB815-8E96-4511-AE48-5F61D5C24BA1}.1-DebugWindows|Any CPU.Build.0 = Debug|Any CPU
		{100DB815-8E96-4511-AE48-5F61D5C24BA1}.1-DebugWindows|iPhone.ActiveCfg = Debug|Any CPU
		{100DB815-8E96-4511-AE48-5F61D5C24BA1}.1-DebugWindows|iPhoneSimulator.ActiveCfg = Debug|Any CPU
		{100DB815-8E96-4511-AE48-5F61D5C24BA1}.2-DebugMac|Any CPU.ActiveCfg = Debug|Any CPU
		{100DB815-8E96-4511-AE48-5F61D5C24BA1}.2-DebugMac|iPhone.ActiveCfg = Debug|Any CPU
		{100DB815-8E96-4511-AE48-5F61D5C24BA1}.2-DebugMac|iPhoneSimulator.ActiveCfg = Debug|Any CPU
		{100DB815-8E96-4511-AE48-5F61D5C24BA1}.3-DebugLinux|Any CPU.ActiveCfg = Debug|Any CPU
		{100DB815-8E96-4511-AE48-5F61D5C24BA1}.3-DebugLinux|iPhone.ActiveCfg = Debug|Any CPU
		{100DB815-8E96-4511-AE48-5F61D5C24BA1}.3-DebugLinux|iPhoneSimulator.ActiveCfg = Debug|Any CPU
		{100DB815-8E96-4511-AE48-5F61D5C24BA1}.4-DebugAwesomium|Any CPU.ActiveCfg = Debug|Any CPU
		{100DB815-8E96-4511-AE48-5F61D5C24BA1}.4-DebugAwesomium|iPhone.ActiveCfg = Debug|Any CPU
		{100DB815-8E96-4511-AE48-5F61D5C24BA1}.4-DebugAwesomium|iPhoneSimulator.ActiveCfg = Debug|Any CPU
		{100DB815-8E96-4511-AE48-5F61D5C24BA1}.5-ReleaseWindows|Any CPU.ActiveCfg = Release|Any CPU
		{100DB815-8E96-4511-AE48-5F61D5C24BA1}.5-ReleaseWindows|Any CPU.Build.0 = Release|Any CPU
		{100DB815-8E96-4511-AE48-5F61D5C24BA1}.5-ReleaseWindows|iPhone.ActiveCfg = Release|Any CPU
		{100DB815-8E96-4511-AE48-5F61D5C24BA1}.5-ReleaseWindows|iPhoneSimulator.ActiveCfg = Release|Any CPU
		{100DB815-8E96-4511-AE48-5F61D5C24BA1}.6-ReleaseMac|Any CPU.ActiveCfg = Release|Any CPU
		{100DB815-8E96-4511-AE48-5F61D5C24BA1}.6-ReleaseMac|iPhone.ActiveCfg = Release|Any CPU
		{100DB815-8E96-4511-AE48-5F61D5C24BA1}.6-ReleaseMac|iPhoneSimulator.ActiveCfg = Release|Any CPU
		{100DB815-8E96-4511-AE48-5F61D5C24BA1}.7-ReleaseLinux|Any CPU.ActiveCfg = Release|Any CPU
		{100DB815-8E96-4511-AE48-5F61D5C24BA1}.7-ReleaseLinux|iPhone.ActiveCfg = Release|Any CPU
		{100DB815-8E96-4511-AE48-5F61D5C24BA1}.7-ReleaseLinux|iPhoneSimulator.ActiveCfg = Release|Any CPU
		{100DB815-8E96-4511-AE48-5F61D5C24BA1}.8-ReleaseAwesomium|Any CPU.ActiveCfg = Release|Any CPU
		{100DB815-8E96-4511-AE48-5F61D5C24BA1}.8-ReleaseAwesomium|iPhone.ActiveCfg = Release|Any CPU
		{100DB815-8E96-4511-AE48-5F61D5C24BA1}.8-ReleaseAwesomium|iPhoneSimulator.ActiveCfg = Release|Any CPU
		{66831558-849D-4E15-9011-4E6FFA689326}.1-DebugWindows|Any CPU.ActiveCfg = DebugWindows|Any CPU
		{66831558-849D-4E15-9011-4E6FFA689326}.1-DebugWindows|Any CPU.Build.0 = DebugWindows|Any CPU
		{66831558-849D-4E15-9011-4E6FFA689326}.1-DebugWindows|iPhone.ActiveCfg = DebugWindows|Any CPU
		{66831558-849D-4E15-9011-4E6FFA689326}.1-DebugWindows|iPhoneSimulator.ActiveCfg = DebugWindows|Any CPU
		{66831558-849D-4E15-9011-4E6FFA689326}.2-DebugMac|Any CPU.ActiveCfg = DebugWindows|Any CPU
		{66831558-849D-4E15-9011-4E6FFA689326}.2-DebugMac|iPhone.ActiveCfg = DebugWindows|Any CPU
		{66831558-849D-4E15-9011-4E6FFA689326}.2-DebugMac|iPhoneSimulator.ActiveCfg = DebugWindows|Any CPU
		{66831558-849D-4E15-9011-4E6FFA689326}.3-DebugLinux|Any CPU.ActiveCfg = DebugLinux|Any CPU
		{66831558-849D-4E15-9011-4E6FFA689326}.3-DebugLinux|iPhone.ActiveCfg = DebugLinux|Any CPU
		{66831558-849D-4E15-9011-4E6FFA689326}.3-DebugLinux|iPhoneSimulator.ActiveCfg = DebugLinux|Any CPU
		{66831558-849D-4E15-9011-4E6FFA689326}.4-DebugAwesomium|Any CPU.ActiveCfg = DebugAwesomium|Any CPU
		{66831558-849D-4E15-9011-4E6FFA689326}.4-DebugAwesomium|Any CPU.Build.0 = DebugAwesomium|Any CPU
		{66831558-849D-4E15-9011-4E6FFA689326}.4-DebugAwesomium|iPhone.ActiveCfg = DebugAwesomium|Any CPU
		{66831558-849D-4E15-9011-4E6FFA689326}.4-DebugAwesomium|iPhoneSimulator.ActiveCfg = DebugAwesomium|Any CPU
		{66831558-849D-4E15-9011-4E6FFA689326}.5-ReleaseWindows|Any CPU.ActiveCfg = ReleaseWindows|Any CPU
		{66831558-849D-4E15-9011-4E6FFA689326}.5-ReleaseWindows|Any CPU.Build.0 = ReleaseWindows|Any CPU
		{66831558-849D-4E15-9011-4E6FFA689326}.5-ReleaseWindows|iPhone.ActiveCfg = ReleaseWindows|Any CPU
		{66831558-849D-4E15-9011-4E6FFA689326}.5-ReleaseWindows|iPhoneSimulator.ActiveCfg = ReleaseWindows|Any CPU
		{66831558-849D-4E15-9011-4E6FFA689326}.6-ReleaseMac|Any CPU.ActiveCfg = ReleaseWindows|Any CPU
		{66831558-849D-4E15-9011-4E6FFA689326}.6-ReleaseMac|iPhone.ActiveCfg = ReleaseWindows|Any CPU
		{66831558-849D-4E15-9011-4E6FFA689326}.6-ReleaseMac|iPhoneSimulator.ActiveCfg = ReleaseWindows|Any CPU
		{66831558-849D-4E15-9011-4E6FFA689326}.7-ReleaseLinux|Any CPU.ActiveCfg = ReleaseLinux|Any CPU
		{66831558-849D-4E15-9011-4E6FFA689326}.7-ReleaseLinux|iPhone.ActiveCfg = ReleaseLinux|Any CPU
		{66831558-849D-4E15-9011-4E6FFA689326}.7-ReleaseLinux|iPhoneSimulator.ActiveCfg = ReleaseLinux|Any CPU
		{66831558-849D-4E15-9011-4E6FFA689326}.8-ReleaseAwesomium|Any CPU.ActiveCfg = ReleaseAwesomium|Any CPU
		{66831558-849D-4E15-9011-4E6FFA689326}.8-ReleaseAwesomium|Any CPU.Build.0 = ReleaseAwesomium|Any CPU
		{66831558-849D-4E15-9011-4E6FFA689326}.8-ReleaseAwesomium|iPhone.ActiveCfg = ReleaseAwesomium|Any CPU
		{66831558-849D-4E15-9011-4E6FFA689326}.8-ReleaseAwesomium|iPhoneSimulator.ActiveCfg = ReleaseAwesomium|Any CPU
		{6EA0FA78-44D1-4CA7-9E0A-ECB870C5288E}.1-DebugWindows|Any CPU.ActiveCfg = Debug|Any CPU
		{6EA0FA78-44D1-4CA7-9E0A-ECB870C5288E}.1-DebugWindows|iPhone.ActiveCfg = Debug|Any CPU
		{6EA0FA78-44D1-4CA7-9E0A-ECB870C5288E}.1-DebugWindows|iPhoneSimulator.ActiveCfg = Debug|Any CPU
		{6EA0FA78-44D1-4CA7-9E0A-ECB870C5288E}.2-DebugMac|Any CPU.ActiveCfg = Debug|Any CPU
		{6EA0FA78-44D1-4CA7-9E0A-ECB870C5288E}.2-DebugMac|iPhone.ActiveCfg = Debug|Any CPU
		{6EA0FA78-44D1-4CA7-9E0A-ECB870C5288E}.2-DebugMac|iPhoneSimulator.ActiveCfg = Debug|Any CPU
		{6EA0FA78-44D1-4CA7-9E0A-ECB870C5288E}.3-DebugLinux|Any CPU.ActiveCfg = DebugLinux|Any CPU
		{6EA0FA78-44D1-4CA7-9E0A-ECB870C5288E}.3-DebugLinux|iPhone.ActiveCfg = DebugLinux|Any CPU
		{6EA0FA78-44D1-4CA7-9E0A-ECB870C5288E}.3-DebugLinux|iPhoneSimulator.ActiveCfg = DebugLinux|Any CPU
		{6EA0FA78-44D1-4CA7-9E0A-ECB870C5288E}.4-DebugAwesomium|Any CPU.ActiveCfg = DebugAwesomium|Any CPU
		{6EA0FA78-44D1-4CA7-9E0A-ECB870C5288E}.4-DebugAwesomium|Any CPU.Build.0 = DebugAwesomium|Any CPU
		{6EA0FA78-44D1-4CA7-9E0A-ECB870C5288E}.4-DebugAwesomium|iPhone.ActiveCfg = DebugAwesomium|Any CPU
		{6EA0FA78-44D1-4CA7-9E0A-ECB870C5288E}.4-DebugAwesomium|iPhoneSimulator.ActiveCfg = DebugAwesomium|Any CPU
		{6EA0FA78-44D1-4CA7-9E0A-ECB870C5288E}.5-ReleaseWindows|Any CPU.ActiveCfg = Release|Any CPU
		{6EA0FA78-44D1-4CA7-9E0A-ECB870C5288E}.5-ReleaseWindows|iPhone.ActiveCfg = Release|Any CPU
		{6EA0FA78-44D1-4CA7-9E0A-ECB870C5288E}.5-ReleaseWindows|iPhoneSimulator.ActiveCfg = Release|Any CPU
		{6EA0FA78-44D1-4CA7-9E0A-ECB870C5288E}.6-ReleaseMac|Any CPU.ActiveCfg = Release|Any CPU
		{6EA0FA78-44D1-4CA7-9E0A-ECB870C5288E}.6-ReleaseMac|iPhone.ActiveCfg = Release|Any CPU
		{6EA0FA78-44D1-4CA7-9E0A-ECB870C5288E}.6-ReleaseMac|iPhoneSimulator.ActiveCfg = Release|Any CPU
		{6EA0FA78-44D1-4CA7-9E0A-ECB870C5288E}.7-ReleaseLinux|Any CPU.ActiveCfg = ReleaseLinux|Any CPU
		{6EA0FA78-44D1-4CA7-9E0A-ECB870C5288E}.7-ReleaseLinux|iPhone.ActiveCfg = ReleaseLinux|Any CPU
		{6EA0FA78-44D1-4CA7-9E0A-ECB870C5288E}.7-ReleaseLinux|iPhoneSimulator.ActiveCfg = ReleaseLinux|Any CPU
		{6EA0FA78-44D1-4CA7-9E0A-ECB870C5288E}.8-ReleaseAwesomium|Any CPU.ActiveCfg = ReleaseAwesomium|Any CPU
		{6EA0FA78-44D1-4CA7-9E0A-ECB870C5288E}.8-ReleaseAwesomium|Any CPU.Build.0 = ReleaseAwesomium|Any CPU
		{6EA0FA78-44D1-4CA7-9E0A-ECB870C5288E}.8-ReleaseAwesomium|iPhone.ActiveCfg = ReleaseAwesomium|Any CPU
		{6EA0FA78-44D1-4CA7-9E0A-ECB870C5288E}.8-ReleaseAwesomium|iPhoneSimulator.ActiveCfg = ReleaseAwesomium|Any CPU
	EndGlobalSection
	GlobalSection(SolutionProperties) = preSolution
		HideSolutionNode = FALSE
	EndGlobalSection
	GlobalSection(NestedProjects) = preSolution
		{0A27B4E0-BE58-478B-A7F8-5CE3CC98EE79} = {03DB0493-A5E0-469E-81AA-EAAF9AA544CE}
		{AA95C124-239B-4497-9B5F-E1C1AB55E2C0} = {03DB0493-A5E0-469E-81AA-EAAF9AA544CE}
		{9CD7362D-CBF6-4409-A4B7-FD64DB94AB6F} = {03DB0493-A5E0-469E-81AA-EAAF9AA544CE}
		{F89989AB-3734-4A6F-ACFD-43586495DEC3} = {03DB0493-A5E0-469E-81AA-EAAF9AA544CE}
		{BD421707-91F3-4C61-B29D-F082E414D08B} = {03DB0493-A5E0-469E-81AA-EAAF9AA544CE}
	EndGlobalSection
	GlobalSection(MonoDevelopProperties) = preSolution
		StartupItem = SampleApplication\Spinnaker.Sample.Mac\Spinnaker.Sample.Mac.csproj
	EndGlobalSection
EndGlobal
